// !$*UTF8*$!
{
	archiveVersion = 1;
	classes = {
	};
	objectVersion = 51;
	objects = {

/* Begin PBXBuildFile section */
		15B19E2A6F0E31C9F365266B /* Pods_weather_forecast_dev.framework in Frameworks */ = {isa = PBXBuildFile; fileRef = 3CC4B2696E57D0ED01E3A22F /* Pods_weather_forecast_dev.framework */; };
		3F7BC40DA4F50C9CF37FC119 /* Pods_weather_forecast_pro.framework in Frameworks */ = {isa = PBXBuildFile; fileRef = 7336B5C44CCED6A1B48C2969 /* Pods_weather_forecast_pro.framework */; };
		7138242095C8DC8A9DECE9C6 /* Pods_weather_forecast_devTests.framework in Frameworks */ = {isa = PBXBuildFile; fileRef = 5DE0AEA981E7A49FA3026999 /* Pods_weather_forecast_devTests.framework */; };
		CE164872252881CD005F72B3 /* SettingsVC.swift in Sources */ = {isa = PBXBuildFile; fileRef = CE164871252881CD005F72B3 /* SettingsVC.swift */; };
		CE164873252881CD005F72B3 /* SettingsVC.swift in Sources */ = {isa = PBXBuildFile; fileRef = CE164871252881CD005F72B3 /* SettingsVC.swift */; };
		CE16487F252881D6005F72B3 /* SettingsVM.swift in Sources */ = {isa = PBXBuildFile; fileRef = CE16487E252881D6005F72B3 /* SettingsVM.swift */; };
		CE164880252881D6005F72B3 /* SettingsVM.swift in Sources */ = {isa = PBXBuildFile; fileRef = CE16487E252881D6005F72B3 /* SettingsVM.swift */; };
		CE16488D252887F2005F72B3 /* SettingsCell.swift in Sources */ = {isa = PBXBuildFile; fileRef = CE16488C252887F2005F72B3 /* SettingsCell.swift */; };
		CE16488E252887F2005F72B3 /* SettingsCell.swift in Sources */ = {isa = PBXBuildFile; fileRef = CE16488C252887F2005F72B3 /* SettingsCell.swift */; };
		CE16489B252890C4005F72B3 /* Settings.swift in Sources */ = {isa = PBXBuildFile; fileRef = CE16489A252890C4005F72B3 /* Settings.swift */; };
		CE16489C252890C4005F72B3 /* Settings.swift in Sources */ = {isa = PBXBuildFile; fileRef = CE16489A252890C4005F72B3 /* Settings.swift */; };
		CE1648AB2528918A005F72B3 /* LocalSettingsDataStore.swift in Sources */ = {isa = PBXBuildFile; fileRef = CE1648AA2528918A005F72B3 /* LocalSettingsDataStore.swift */; };
		CE1648AC2528918A005F72B3 /* LocalSettingsDataStore.swift in Sources */ = {isa = PBXBuildFile; fileRef = CE1648AA2528918A005F72B3 /* LocalSettingsDataStore.swift */; };
		CE1648B825289196005F72B3 /* ImplementLocalSettingsDataStore.swift in Sources */ = {isa = PBXBuildFile; fileRef = CE1648B725289196005F72B3 /* ImplementLocalSettingsDataStore.swift */; };
		CE1648B925289196005F72B3 /* ImplementLocalSettingsDataStore.swift in Sources */ = {isa = PBXBuildFile; fileRef = CE1648B725289196005F72B3 /* ImplementLocalSettingsDataStore.swift */; };
		CE1648C225289DCD005F72B3 /* CacheVC.swift in Sources */ = {isa = PBXBuildFile; fileRef = CE1648C125289DCD005F72B3 /* CacheVC.swift */; };
		CE1648C325289DCD005F72B3 /* CacheVC.swift in Sources */ = {isa = PBXBuildFile; fileRef = CE1648C125289DCD005F72B3 /* CacheVC.swift */; };
		CE1648CF25289DD3005F72B3 /* CacheVM.swift in Sources */ = {isa = PBXBuildFile; fileRef = CE1648CE25289DD3005F72B3 /* CacheVM.swift */; };
		CE1648D025289DD3005F72B3 /* CacheVM.swift in Sources */ = {isa = PBXBuildFile; fileRef = CE1648CE25289DD3005F72B3 /* CacheVM.swift */; };
		CE1648EE2528C651005F72B3 /* GetForecastByCoordinateUC.swift in Sources */ = {isa = PBXBuildFile; fileRef = CE1648ED2528C651005F72B3 /* GetForecastByCoordinateUC.swift */; };
		CE1648EF2528C651005F72B3 /* GetForecastByCoordinateUC.swift in Sources */ = {isa = PBXBuildFile; fileRef = CE1648ED2528C651005F72B3 /* GetForecastByCoordinateUC.swift */; };
		CE1648FC2528CF5E005F72B3 /* ForecastUnitVC.swift in Sources */ = {isa = PBXBuildFile; fileRef = CE1648FB2528CF5E005F72B3 /* ForecastUnitVC.swift */; };
		CE1648FD2528CF5E005F72B3 /* ForecastUnitVC.swift in Sources */ = {isa = PBXBuildFile; fileRef = CE1648FB2528CF5E005F72B3 /* ForecastUnitVC.swift */; };
		CE1649092528CF6B005F72B3 /* ForecastUnitVM.swift in Sources */ = {isa = PBXBuildFile; fileRef = CE1649082528CF6B005F72B3 /* ForecastUnitVM.swift */; };
		CE16490A2528CF6B005F72B3 /* ForecastUnitVM.swift in Sources */ = {isa = PBXBuildFile; fileRef = CE1649082528CF6B005F72B3 /* ForecastUnitVM.swift */; };
		CE1649E42529B2A0005F72B3 /* weather_forecast_devTests.swift in Sources */ = {isa = PBXBuildFile; fileRef = CE1649E22529B2A0005F72B3 /* weather_forecast_devTests.swift */; };
		CE2A428A2525DFD4002F7052 /* Cache.swift in Sources */ = {isa = PBXBuildFile; fileRef = CE2A42892525DFD4002F7052 /* Cache.swift */; };
		CE2A428B2525DFD4002F7052 /* Cache.swift in Sources */ = {isa = PBXBuildFile; fileRef = CE2A42892525DFD4002F7052 /* Cache.swift */; };
		CE9745462524ED9C00102BD7 /* ForecastItem.swift in Sources */ = {isa = PBXBuildFile; fileRef = CE9745452524ED9C00102BD7 /* ForecastItem.swift */; };
		CE9745472524ED9C00102BD7 /* ForecastItem.swift in Sources */ = {isa = PBXBuildFile; fileRef = CE9745452524ED9C00102BD7 /* ForecastItem.swift */; };
		CE9745582524EE6900102BD7 /* Temperature.swift in Sources */ = {isa = PBXBuildFile; fileRef = CE9745572524EE6900102BD7 /* Temperature.swift */; };
		CE9745592524EE6900102BD7 /* Temperature.swift in Sources */ = {isa = PBXBuildFile; fileRef = CE9745572524EE6900102BD7 /* Temperature.swift */; };
		CE9745662524EFCF00102BD7 /* FeelsLike.swift in Sources */ = {isa = PBXBuildFile; fileRef = CE9745652524EFCF00102BD7 /* FeelsLike.swift */; };
		CE9745672524EFCF00102BD7 /* FeelsLike.swift in Sources */ = {isa = PBXBuildFile; fileRef = CE9745652524EFCF00102BD7 /* FeelsLike.swift */; };
		CE9745742524F02700102BD7 /* Weather.swift in Sources */ = {isa = PBXBuildFile; fileRef = CE9745732524F02700102BD7 /* Weather.swift */; };
		CE9745752524F02700102BD7 /* Weather.swift in Sources */ = {isa = PBXBuildFile; fileRef = CE9745732524F02700102BD7 /* Weather.swift */; };
		CE97458125257C0F00102BD7 /* ImplementForecastAPI.swift in Sources */ = {isa = PBXBuildFile; fileRef = CE97458025257C0F00102BD7 /* ImplementForecastAPI.swift */; };
		CE97458225257C0F00102BD7 /* ImplementForecastAPI.swift in Sources */ = {isa = PBXBuildFile; fileRef = CE97458025257C0F00102BD7 /* ImplementForecastAPI.swift */; };
		CE97458C252580A400102BD7 /* GetForecastUC.swift in Sources */ = {isa = PBXBuildFile; fileRef = CE97458B252580A400102BD7 /* GetForecastUC.swift */; };
		CE97458D252580A400102BD7 /* GetForecastUC.swift in Sources */ = {isa = PBXBuildFile; fileRef = CE97458B252580A400102BD7 /* GetForecastUC.swift */; };
		CE9745992525812700102BD7 /* BaseUC.swift in Sources */ = {isa = PBXBuildFile; fileRef = CE9745982525812700102BD7 /* BaseUC.swift */; };
		CE97459A2525812700102BD7 /* BaseUC.swift in Sources */ = {isa = PBXBuildFile; fileRef = CE9745982525812700102BD7 /* BaseUC.swift */; };
		CE9745A72525826600102BD7 /* ForecastState.swift in Sources */ = {isa = PBXBuildFile; fileRef = CE9745A62525826600102BD7 /* ForecastState.swift */; };
		CE9745A82525826600102BD7 /* ForecastState.swift in Sources */ = {isa = PBXBuildFile; fileRef = CE9745A62525826600102BD7 /* ForecastState.swift */; };
		CE9745B42525827300102BD7 /* ForecastAction.swift in Sources */ = {isa = PBXBuildFile; fileRef = CE9745B32525827300102BD7 /* ForecastAction.swift */; };
		CE9745B52525827300102BD7 /* ForecastAction.swift in Sources */ = {isa = PBXBuildFile; fileRef = CE9745B32525827300102BD7 /* ForecastAction.swift */; };
		CE9745BD2525827F00102BD7 /* ForecastReducer.swift in Sources */ = {isa = PBXBuildFile; fileRef = CE9745BC2525827F00102BD7 /* ForecastReducer.swift */; };
		CE9745BE2525827F00102BD7 /* ForecastReducer.swift in Sources */ = {isa = PBXBuildFile; fileRef = CE9745BC2525827F00102BD7 /* ForecastReducer.swift */; };
		CE9BDC6D25247B790035AD15 /* AppDelegate.swift in Sources */ = {isa = PBXBuildFile; fileRef = CE9BDC6C25247B790035AD15 /* AppDelegate.swift */; };
		CE9BDC7625247B7C0035AD15 /* Assets.xcassets in Resources */ = {isa = PBXBuildFile; fileRef = CE9BDC7525247B7C0035AD15 /* Assets.xcassets */; };
		CE9BDC7925247B7C0035AD15 /* LaunchScreen.storyboard in Resources */ = {isa = PBXBuildFile; fileRef = CE9BDC7725247B7C0035AD15 /* LaunchScreen.storyboard */; };
		CE9BDCF125247D670035AD15 /* Constant.swift in Sources */ = {isa = PBXBuildFile; fileRef = CE9BDCC925247D670035AD15 /* Constant.swift */; };
		CE9BDCF425247D670035AD15 /* DefinedAssets.swift in Sources */ = {isa = PBXBuildFile; fileRef = CE9BDCCA25247D670035AD15 /* DefinedAssets.swift */; };
		CE9BDCF725247D670035AD15 /* Localizable.strings in Resources */ = {isa = PBXBuildFile; fileRef = CE9BDCCD25247D670035AD15 /* Localizable.strings */; };
		CE9BDCFA25247D670035AD15 /* UIView+Ex.swift in Sources */ = {isa = PBXBuildFile; fileRef = CE9BDCD125247D670035AD15 /* UIView+Ex.swift */; };
		CE9BDCFD25247D670035AD15 /* Store+Ext.swift in Sources */ = {isa = PBXBuildFile; fileRef = CE9BDCD225247D670035AD15 /* Store+Ext.swift */; };
		CE9BDD0025247D670035AD15 /* SVProgressHUD+Ext.swift in Sources */ = {isa = PBXBuildFile; fileRef = CE9BDCD325247D670035AD15 /* SVProgressHUD+Ext.swift */; };
		CE9BDD0325247D670035AD15 /* HomeVM.swift in Sources */ = {isa = PBXBuildFile; fileRef = CE9BDCD625247D670035AD15 /* HomeVM.swift */; };
		CE9BDD0625247D670035AD15 /* HomeVC.swift in Sources */ = {isa = PBXBuildFile; fileRef = CE9BDCD725247D670035AD15 /* HomeVC.swift */; };
		CE9BDD0925247D670035AD15 /* SplashVC.swift in Sources */ = {isa = PBXBuildFile; fileRef = CE9BDCD925247D670035AD15 /* SplashVC.swift */; };
		CE9BDD0C25247D670035AD15 /* SplashVM.swift in Sources */ = {isa = PBXBuildFile; fileRef = CE9BDCDA25247D670035AD15 /* SplashVM.swift */; };
		CE9BDD0F25247D670035AD15 /* MainTabbarVM.swift in Sources */ = {isa = PBXBuildFile; fileRef = CE9BDCDC25247D670035AD15 /* MainTabbarVM.swift */; };
		CE9BDD1225247D670035AD15 /* MainTabbarVC.swift in Sources */ = {isa = PBXBuildFile; fileRef = CE9BDCDD25247D670035AD15 /* MainTabbarVC.swift */; };
		CE9BDD1525247D670035AD15 /* AppAssembly.swift in Sources */ = {isa = PBXBuildFile; fileRef = CE9BDCDF25247D670035AD15 /* AppAssembly.swift */; };
		CE9BDD1825247D680035AD15 /* AppServerConfiguration.swift in Sources */ = {isa = PBXBuildFile; fileRef = CE9BDCE325247D670035AD15 /* AppServerConfiguration.swift */; };
		CE9BDD1B25247D680035AD15 /* ImplementAppServerConfiguration.swift in Sources */ = {isa = PBXBuildFile; fileRef = CE9BDCE425247D670035AD15 /* ImplementAppServerConfiguration.swift */; };
		CE9BDD1E25247D680035AD15 /* Log.swift in Sources */ = {isa = PBXBuildFile; fileRef = CE9BDCE625247D670035AD15 /* Log.swift */; };
		CE9BDD2125247D680035AD15 /* StateAssembly.swift in Sources */ = {isa = PBXBuildFile; fileRef = CE9BDCE825247D670035AD15 /* StateAssembly.swift */; };
		CE9BDD2425247D680035AD15 /* APIAssembly.swift in Sources */ = {isa = PBXBuildFile; fileRef = CE9BDCE925247D670035AD15 /* APIAssembly.swift */; };
		CE9BDD2725247D680035AD15 /* CoreAssembly.swift in Sources */ = {isa = PBXBuildFile; fileRef = CE9BDCEA25247D670035AD15 /* CoreAssembly.swift */; };
		CE9BDD2A25247D680035AD15 /* UseCaseAssembly.swift in Sources */ = {isa = PBXBuildFile; fileRef = CE9BDCEB25247D670035AD15 /* UseCaseAssembly.swift */; };
		CE9BDD2D25247D680035AD15 /* AppState.swift in Sources */ = {isa = PBXBuildFile; fileRef = CE9BDCEE25247D670035AD15 /* AppState.swift */; };
		CE9BDD3025247D680035AD15 /* AppReducer.swift in Sources */ = {isa = PBXBuildFile; fileRef = CE9BDCEF25247D670035AD15 /* AppReducer.swift */; };
		CE9BDD3325247D680035AD15 /* AppAction.swift in Sources */ = {isa = PBXBuildFile; fileRef = CE9BDCF025247D670035AD15 /* AppAction.swift */; };
		CE9BDD5D2524D8710035AD15 /* DefinedAssets.swift in Sources */ = {isa = PBXBuildFile; fileRef = CE9BDCCA25247D670035AD15 /* DefinedAssets.swift */; };
		CE9BDD5E2524D8710035AD15 /* ImplementAppServerConfiguration.swift in Sources */ = {isa = PBXBuildFile; fileRef = CE9BDCE425247D670035AD15 /* ImplementAppServerConfiguration.swift */; };
		CE9BDD5F2524D8710035AD15 /* APIAssembly.swift in Sources */ = {isa = PBXBuildFile; fileRef = CE9BDCE925247D670035AD15 /* APIAssembly.swift */; };
		CE9BDD602524D8710035AD15 /* SplashVM.swift in Sources */ = {isa = PBXBuildFile; fileRef = CE9BDCDA25247D670035AD15 /* SplashVM.swift */; };
		CE9BDD612524D8710035AD15 /* HomeVC.swift in Sources */ = {isa = PBXBuildFile; fileRef = CE9BDCD725247D670035AD15 /* HomeVC.swift */; };
		CE9BDD622524D8710035AD15 /* UseCaseAssembly.swift in Sources */ = {isa = PBXBuildFile; fileRef = CE9BDCEB25247D670035AD15 /* UseCaseAssembly.swift */; };
		CE9BDD632524D8710035AD15 /* AppAction.swift in Sources */ = {isa = PBXBuildFile; fileRef = CE9BDCF025247D670035AD15 /* AppAction.swift */; };
		CE9BDD642524D8710035AD15 /* AppAssembly.swift in Sources */ = {isa = PBXBuildFile; fileRef = CE9BDCDF25247D670035AD15 /* AppAssembly.swift */; };
		CE9BDD652524D8710035AD15 /* MainTabbarVC.swift in Sources */ = {isa = PBXBuildFile; fileRef = CE9BDCDD25247D670035AD15 /* MainTabbarVC.swift */; };
		CE9BDD662524D8710035AD15 /* Log.swift in Sources */ = {isa = PBXBuildFile; fileRef = CE9BDCE625247D670035AD15 /* Log.swift */; };
		CE9BDD672524D8710035AD15 /* AppState.swift in Sources */ = {isa = PBXBuildFile; fileRef = CE9BDCEE25247D670035AD15 /* AppState.swift */; };
		CE9BDD682524D8710035AD15 /* CoreAssembly.swift in Sources */ = {isa = PBXBuildFile; fileRef = CE9BDCEA25247D670035AD15 /* CoreAssembly.swift */; };
		CE9BDD692524D8710035AD15 /* SVProgressHUD+Ext.swift in Sources */ = {isa = PBXBuildFile; fileRef = CE9BDCD325247D670035AD15 /* SVProgressHUD+Ext.swift */; };
		CE9BDD6A2524D8710035AD15 /* AppReducer.swift in Sources */ = {isa = PBXBuildFile; fileRef = CE9BDCEF25247D670035AD15 /* AppReducer.swift */; };
		CE9BDD6B2524D8710035AD15 /* HomeVM.swift in Sources */ = {isa = PBXBuildFile; fileRef = CE9BDCD625247D670035AD15 /* HomeVM.swift */; };
		CE9BDD6C2524D8710035AD15 /* StateAssembly.swift in Sources */ = {isa = PBXBuildFile; fileRef = CE9BDCE825247D670035AD15 /* StateAssembly.swift */; };
		CE9BDD6D2524D8710035AD15 /* AppDelegate.swift in Sources */ = {isa = PBXBuildFile; fileRef = CE9BDC6C25247B790035AD15 /* AppDelegate.swift */; };
		CE9BDD6E2524D8710035AD15 /* Constant.swift in Sources */ = {isa = PBXBuildFile; fileRef = CE9BDCC925247D670035AD15 /* Constant.swift */; };
		CE9BDD6F2524D8710035AD15 /* Store+Ext.swift in Sources */ = {isa = PBXBuildFile; fileRef = CE9BDCD225247D670035AD15 /* Store+Ext.swift */; };
		CE9BDD702524D8710035AD15 /* UIView+Ex.swift in Sources */ = {isa = PBXBuildFile; fileRef = CE9BDCD125247D670035AD15 /* UIView+Ex.swift */; };
		CE9BDD712524D8710035AD15 /* AppServerConfiguration.swift in Sources */ = {isa = PBXBuildFile; fileRef = CE9BDCE325247D670035AD15 /* AppServerConfiguration.swift */; };
		CE9BDD722524D8710035AD15 /* SplashVC.swift in Sources */ = {isa = PBXBuildFile; fileRef = CE9BDCD925247D670035AD15 /* SplashVC.swift */; };
		CE9BDD732524D8710035AD15 /* MainTabbarVM.swift in Sources */ = {isa = PBXBuildFile; fileRef = CE9BDCDC25247D670035AD15 /* MainTabbarVM.swift */; };
		CE9BDD772524D8710035AD15 /* LaunchScreen.storyboard in Resources */ = {isa = PBXBuildFile; fileRef = CE9BDC7725247B7C0035AD15 /* LaunchScreen.storyboard */; };
		CE9BDD782524D8710035AD15 /* Localizable.strings in Resources */ = {isa = PBXBuildFile; fileRef = CE9BDCCD25247D670035AD15 /* Localizable.strings */; };
		CE9BDD792524D8710035AD15 /* Assets.xcassets in Resources */ = {isa = PBXBuildFile; fileRef = CE9BDC7525247B7C0035AD15 /* Assets.xcassets */; };
		CEA119DD2525930700F9075B /* ErrorResponse.swift in Sources */ = {isa = PBXBuildFile; fileRef = CEA119DC2525930700F9075B /* ErrorResponse.swift */; };
		CEA119DE2525930700F9075B /* ErrorResponse.swift in Sources */ = {isa = PBXBuildFile; fileRef = CEA119DC2525930700F9075B /* ErrorResponse.swift */; };
		CEA119EB2525987900F9075B /* SearchCell.swift in Sources */ = {isa = PBXBuildFile; fileRef = CEA119EA2525987900F9075B /* SearchCell.swift */; };
		CEA119EC2525987900F9075B /* SearchCell.swift in Sources */ = {isa = PBXBuildFile; fileRef = CEA119EA2525987900F9075B /* SearchCell.swift */; };
		CEF578332524DB400030C3BD /* ImplementAPIProvider.swift in Sources */ = {isa = PBXBuildFile; fileRef = CEF578322524DB400030C3BD /* ImplementAPIProvider.swift */; };
		CEF578342524DB400030C3BD /* ImplementAPIProvider.swift in Sources */ = {isa = PBXBuildFile; fileRef = CEF578322524DB400030C3BD /* ImplementAPIProvider.swift */; };
		CEF5783D2524E8FF0030C3BD /* ForecastAPI.swift in Sources */ = {isa = PBXBuildFile; fileRef = CEF5783C2524E8FF0030C3BD /* ForecastAPI.swift */; };
		CEF5783E2524E8FF0030C3BD /* ForecastAPI.swift in Sources */ = {isa = PBXBuildFile; fileRef = CEF5783C2524E8FF0030C3BD /* ForecastAPI.swift */; };
		CEF5784C2524EA010030C3BD /* Forecast.swift in Sources */ = {isa = PBXBuildFile; fileRef = CEF5784B2524EA010030C3BD /* Forecast.swift */; };
		CEF5784D2524EA010030C3BD /* Forecast.swift in Sources */ = {isa = PBXBuildFile; fileRef = CEF5784B2524EA010030C3BD /* Forecast.swift */; };
		CEF578592524EB860030C3BD /* City.swift in Sources */ = {isa = PBXBuildFile; fileRef = CEF578582524EB860030C3BD /* City.swift */; };
		CEF5785A2524EB860030C3BD /* City.swift in Sources */ = {isa = PBXBuildFile; fileRef = CEF578582524EB860030C3BD /* City.swift */; };
		CEF578622524EBCC0030C3BD /* CityCoordinate.swift in Sources */ = {isa = PBXBuildFile; fileRef = CEF578612524EBCC0030C3BD /* CityCoordinate.swift */; };
		CEF578632524EBCC0030C3BD /* CityCoordinate.swift in Sources */ = {isa = PBXBuildFile; fileRef = CEF578612524EBCC0030C3BD /* CityCoordinate.swift */; };
/* End PBXBuildFile section */

/* Begin PBXContainerItemProxy section */
		CE1649D92529B287005F72B3 /* PBXContainerItemProxy */ = {
			isa = PBXContainerItemProxy;
			containerPortal = CE9BDC6125247B790035AD15 /* Project object */;
			proxyType = 1;
			remoteGlobalIDString = CE9BDC6825247B790035AD15;
			remoteInfo = weather_forecast_dev;
		};
/* End PBXContainerItemProxy section */

/* Begin PBXFileReference section */
		035E8E8D2EAC146ED7C6F6C3 /* Pods_weather_forecastTests.framework */ = {isa = PBXFileReference; explicitFileType = wrapper.framework; includeInIndex = 0; path = Pods_weather_forecastTests.framework; sourceTree = BUILT_PRODUCTS_DIR; };
		0D5370A1B04794014FE5215D /* Pods-weather_forecast_devTests.debug.xcconfig */ = {isa = PBXFileReference; includeInIndex = 1; lastKnownFileType = text.xcconfig; name = "Pods-weather_forecast_devTests.debug.xcconfig"; path = "Target Support Files/Pods-weather_forecast_devTests/Pods-weather_forecast_devTests.debug.xcconfig"; sourceTree = "<group>"; };
		0E79663C9836EB05C6EC662C /* Pods-weather_forecast_dev-weather_forecastUITests.debug.xcconfig */ = {isa = PBXFileReference; includeInIndex = 1; lastKnownFileType = text.xcconfig; name = "Pods-weather_forecast_dev-weather_forecastUITests.debug.xcconfig"; path = "Target Support Files/Pods-weather_forecast_dev-weather_forecastUITests/Pods-weather_forecast_dev-weather_forecastUITests.debug.xcconfig"; sourceTree = "<group>"; };
		1A82542B8EC6FB38DF998A3E /* Pods-weather_forecast.debug.xcconfig */ = {isa = PBXFileReference; includeInIndex = 1; lastKnownFileType = text.xcconfig; name = "Pods-weather_forecast.debug.xcconfig"; path = "Target Support Files/Pods-weather_forecast/Pods-weather_forecast.debug.xcconfig"; sourceTree = "<group>"; };
		1C96531DEF405D7D60163D13 /* Pods-weather_forecastTests.release.xcconfig */ = {isa = PBXFileReference; includeInIndex = 1; lastKnownFileType = text.xcconfig; name = "Pods-weather_forecastTests.release.xcconfig"; path = "Target Support Files/Pods-weather_forecastTests/Pods-weather_forecastTests.release.xcconfig"; sourceTree = "<group>"; };
		255924990C5210DAE485FF41 /* Pods-weather_forecast_devTests.release.xcconfig */ = {isa = PBXFileReference; includeInIndex = 1; lastKnownFileType = text.xcconfig; name = "Pods-weather_forecast_devTests.release.xcconfig"; path = "Target Support Files/Pods-weather_forecast_devTests/Pods-weather_forecast_devTests.release.xcconfig"; sourceTree = "<group>"; };
		2B4F7BE83C49B73621117412 /* Pods-weather_forecast-weather_forecastUITests.release.xcconfig */ = {isa = PBXFileReference; includeInIndex = 1; lastKnownFileType = text.xcconfig; name = "Pods-weather_forecast-weather_forecastUITests.release.xcconfig"; path = "Target Support Files/Pods-weather_forecast-weather_forecastUITests/Pods-weather_forecast-weather_forecastUITests.release.xcconfig"; sourceTree = "<group>"; };
		3CC4B2696E57D0ED01E3A22F /* Pods_weather_forecast_dev.framework */ = {isa = PBXFileReference; explicitFileType = wrapper.framework; includeInIndex = 0; path = Pods_weather_forecast_dev.framework; sourceTree = BUILT_PRODUCTS_DIR; };
		4B699DA1666A459DC11529A9 /* Pods-weather_forecast_dev-weather_forecastUITests.release.xcconfig */ = {isa = PBXFileReference; includeInIndex = 1; lastKnownFileType = text.xcconfig; name = "Pods-weather_forecast_dev-weather_forecastUITests.release.xcconfig"; path = "Target Support Files/Pods-weather_forecast_dev-weather_forecastUITests/Pods-weather_forecast_dev-weather_forecastUITests.release.xcconfig"; sourceTree = "<group>"; };
		5DE0AEA981E7A49FA3026999 /* Pods_weather_forecast_devTests.framework */ = {isa = PBXFileReference; explicitFileType = wrapper.framework; includeInIndex = 0; path = Pods_weather_forecast_devTests.framework; sourceTree = BUILT_PRODUCTS_DIR; };
		6090760E5DD28ADB2BE5618D /* Pods_weather_forecast_dev_weather_forecastUITests.framework */ = {isa = PBXFileReference; explicitFileType = wrapper.framework; includeInIndex = 0; path = Pods_weather_forecast_dev_weather_forecastUITests.framework; sourceTree = BUILT_PRODUCTS_DIR; };
		7336B5C44CCED6A1B48C2969 /* Pods_weather_forecast_pro.framework */ = {isa = PBXFileReference; explicitFileType = wrapper.framework; includeInIndex = 0; path = Pods_weather_forecast_pro.framework; sourceTree = BUILT_PRODUCTS_DIR; };
		AA39AEBB982B0FEC1539E38C /* Pods-weather_forecast-weather_forecastUITests.debug.xcconfig */ = {isa = PBXFileReference; includeInIndex = 1; lastKnownFileType = text.xcconfig; name = "Pods-weather_forecast-weather_forecastUITests.debug.xcconfig"; path = "Target Support Files/Pods-weather_forecast-weather_forecastUITests/Pods-weather_forecast-weather_forecastUITests.debug.xcconfig"; sourceTree = "<group>"; };
		BDC2DFA0E5AB7DE4771FB5F6 /* Pods-weather_forecast.release.xcconfig */ = {isa = PBXFileReference; includeInIndex = 1; lastKnownFileType = text.xcconfig; name = "Pods-weather_forecast.release.xcconfig"; path = "Target Support Files/Pods-weather_forecast/Pods-weather_forecast.release.xcconfig"; sourceTree = "<group>"; };
		CC023540850C05832DF1E511 /* Pods-weather_forecast_dev.debug.xcconfig */ = {isa = PBXFileReference; includeInIndex = 1; lastKnownFileType = text.xcconfig; name = "Pods-weather_forecast_dev.debug.xcconfig"; path = "Target Support Files/Pods-weather_forecast_dev/Pods-weather_forecast_dev.debug.xcconfig"; sourceTree = "<group>"; };
		CE164871252881CD005F72B3 /* SettingsVC.swift */ = {isa = PBXFileReference; lastKnownFileType = sourcecode.swift; path = SettingsVC.swift; sourceTree = "<group>"; };
		CE16487E252881D6005F72B3 /* SettingsVM.swift */ = {isa = PBXFileReference; lastKnownFileType = sourcecode.swift; path = SettingsVM.swift; sourceTree = "<group>"; };
		CE16488C252887F2005F72B3 /* SettingsCell.swift */ = {isa = PBXFileReference; lastKnownFileType = sourcecode.swift; path = SettingsCell.swift; sourceTree = "<group>"; };
		CE16489A252890C4005F72B3 /* Settings.swift */ = {isa = PBXFileReference; lastKnownFileType = sourcecode.swift; path = Settings.swift; sourceTree = "<group>"; };
		CE1648AA2528918A005F72B3 /* LocalSettingsDataStore.swift */ = {isa = PBXFileReference; lastKnownFileType = sourcecode.swift; path = LocalSettingsDataStore.swift; sourceTree = "<group>"; };
		CE1648B725289196005F72B3 /* ImplementLocalSettingsDataStore.swift */ = {isa = PBXFileReference; lastKnownFileType = sourcecode.swift; path = ImplementLocalSettingsDataStore.swift; sourceTree = "<group>"; };
		CE1648C125289DCD005F72B3 /* CacheVC.swift */ = {isa = PBXFileReference; lastKnownFileType = sourcecode.swift; path = CacheVC.swift; sourceTree = "<group>"; };
		CE1648CE25289DD3005F72B3 /* CacheVM.swift */ = {isa = PBXFileReference; lastKnownFileType = sourcecode.swift; path = CacheVM.swift; sourceTree = "<group>"; };
		CE1648ED2528C651005F72B3 /* GetForecastByCoordinateUC.swift */ = {isa = PBXFileReference; lastKnownFileType = sourcecode.swift; path = GetForecastByCoordinateUC.swift; sourceTree = "<group>"; };
		CE1648FB2528CF5E005F72B3 /* ForecastUnitVC.swift */ = {isa = PBXFileReference; lastKnownFileType = sourcecode.swift; path = ForecastUnitVC.swift; sourceTree = "<group>"; };
		CE1649082528CF6B005F72B3 /* ForecastUnitVM.swift */ = {isa = PBXFileReference; lastKnownFileType = sourcecode.swift; path = ForecastUnitVM.swift; sourceTree = "<group>"; };
		CE1649D42529B287005F72B3 /* weather_forecast_devTests.xctest */ = {isa = PBXFileReference; explicitFileType = wrapper.cfbundle; includeInIndex = 0; path = weather_forecast_devTests.xctest; sourceTree = BUILT_PRODUCTS_DIR; };
		CE1649E12529B2A0005F72B3 /* Info.plist */ = {isa = PBXFileReference; fileEncoding = 4; lastKnownFileType = text.plist.xml; path = Info.plist; sourceTree = "<group>"; };
		CE1649E22529B2A0005F72B3 /* weather_forecast_devTests.swift */ = {isa = PBXFileReference; fileEncoding = 4; lastKnownFileType = sourcecode.swift; path = weather_forecast_devTests.swift; sourceTree = "<group>"; };
		CE2A42892525DFD4002F7052 /* Cache.swift */ = {isa = PBXFileReference; lastKnownFileType = sourcecode.swift; path = Cache.swift; sourceTree = "<group>"; };
		CE9745452524ED9C00102BD7 /* ForecastItem.swift */ = {isa = PBXFileReference; lastKnownFileType = sourcecode.swift; path = ForecastItem.swift; sourceTree = "<group>"; };
		CE9745572524EE6900102BD7 /* Temperature.swift */ = {isa = PBXFileReference; lastKnownFileType = sourcecode.swift; path = Temperature.swift; sourceTree = "<group>"; };
		CE9745652524EFCF00102BD7 /* FeelsLike.swift */ = {isa = PBXFileReference; lastKnownFileType = sourcecode.swift; path = FeelsLike.swift; sourceTree = "<group>"; };
		CE9745732524F02700102BD7 /* Weather.swift */ = {isa = PBXFileReference; lastKnownFileType = sourcecode.swift; path = Weather.swift; sourceTree = "<group>"; };
		CE97458025257C0F00102BD7 /* ImplementForecastAPI.swift */ = {isa = PBXFileReference; lastKnownFileType = sourcecode.swift; path = ImplementForecastAPI.swift; sourceTree = "<group>"; };
		CE97458B252580A400102BD7 /* GetForecastUC.swift */ = {isa = PBXFileReference; lastKnownFileType = sourcecode.swift; path = GetForecastUC.swift; sourceTree = "<group>"; };
		CE9745982525812700102BD7 /* BaseUC.swift */ = {isa = PBXFileReference; lastKnownFileType = sourcecode.swift; path = BaseUC.swift; sourceTree = "<group>"; };
		CE9745A62525826600102BD7 /* ForecastState.swift */ = {isa = PBXFileReference; lastKnownFileType = sourcecode.swift; path = ForecastState.swift; sourceTree = "<group>"; };
		CE9745B32525827300102BD7 /* ForecastAction.swift */ = {isa = PBXFileReference; lastKnownFileType = sourcecode.swift; path = ForecastAction.swift; sourceTree = "<group>"; };
		CE9745BC2525827F00102BD7 /* ForecastReducer.swift */ = {isa = PBXFileReference; lastKnownFileType = sourcecode.swift; path = ForecastReducer.swift; sourceTree = "<group>"; };
		CE9BDC6925247B790035AD15 /* weather_forecast_dev.app */ = {isa = PBXFileReference; explicitFileType = wrapper.application; includeInIndex = 0; path = weather_forecast_dev.app; sourceTree = BUILT_PRODUCTS_DIR; };
		CE9BDC6C25247B790035AD15 /* AppDelegate.swift */ = {isa = PBXFileReference; lastKnownFileType = sourcecode.swift; path = AppDelegate.swift; sourceTree = "<group>"; };
		CE9BDC7525247B7C0035AD15 /* Assets.xcassets */ = {isa = PBXFileReference; lastKnownFileType = folder.assetcatalog; path = Assets.xcassets; sourceTree = "<group>"; };
		CE9BDC7825247B7C0035AD15 /* Base */ = {isa = PBXFileReference; lastKnownFileType = file.storyboard; name = Base; path = Base.lproj/LaunchScreen.storyboard; sourceTree = "<group>"; };
		CE9BDC7A25247B7C0035AD15 /* Info.plist */ = {isa = PBXFileReference; lastKnownFileType = text.plist.xml; path = Info.plist; sourceTree = "<group>"; };
		CE9BDCC925247D670035AD15 /* Constant.swift */ = {isa = PBXFileReference; fileEncoding = 4; lastKnownFileType = sourcecode.swift; path = Constant.swift; sourceTree = "<group>"; };
		CE9BDCCA25247D670035AD15 /* DefinedAssets.swift */ = {isa = PBXFileReference; fileEncoding = 4; lastKnownFileType = sourcecode.swift; path = DefinedAssets.swift; sourceTree = "<group>"; };
		CE9BDCCE25247D670035AD15 /* en */ = {isa = PBXFileReference; lastKnownFileType = text.plist.strings; name = en; path = en.lproj/Localizable.strings; sourceTree = "<group>"; };
		CE9BDCD125247D670035AD15 /* UIView+Ex.swift */ = {isa = PBXFileReference; fileEncoding = 4; lastKnownFileType = sourcecode.swift; path = "UIView+Ex.swift"; sourceTree = "<group>"; };
		CE9BDCD225247D670035AD15 /* Store+Ext.swift */ = {isa = PBXFileReference; fileEncoding = 4; lastKnownFileType = sourcecode.swift; path = "Store+Ext.swift"; sourceTree = "<group>"; };
		CE9BDCD325247D670035AD15 /* SVProgressHUD+Ext.swift */ = {isa = PBXFileReference; fileEncoding = 4; lastKnownFileType = sourcecode.swift; path = "SVProgressHUD+Ext.swift"; sourceTree = "<group>"; };
		CE9BDCD625247D670035AD15 /* HomeVM.swift */ = {isa = PBXFileReference; fileEncoding = 4; lastKnownFileType = sourcecode.swift; path = HomeVM.swift; sourceTree = "<group>"; };
		CE9BDCD725247D670035AD15 /* HomeVC.swift */ = {isa = PBXFileReference; fileEncoding = 4; lastKnownFileType = sourcecode.swift; path = HomeVC.swift; sourceTree = "<group>"; };
		CE9BDCD925247D670035AD15 /* SplashVC.swift */ = {isa = PBXFileReference; fileEncoding = 4; lastKnownFileType = sourcecode.swift; path = SplashVC.swift; sourceTree = "<group>"; };
		CE9BDCDA25247D670035AD15 /* SplashVM.swift */ = {isa = PBXFileReference; fileEncoding = 4; lastKnownFileType = sourcecode.swift; path = SplashVM.swift; sourceTree = "<group>"; };
		CE9BDCDC25247D670035AD15 /* MainTabbarVM.swift */ = {isa = PBXFileReference; fileEncoding = 4; lastKnownFileType = sourcecode.swift; path = MainTabbarVM.swift; sourceTree = "<group>"; };
		CE9BDCDD25247D670035AD15 /* MainTabbarVC.swift */ = {isa = PBXFileReference; fileEncoding = 4; lastKnownFileType = sourcecode.swift; path = MainTabbarVC.swift; sourceTree = "<group>"; };
		CE9BDCDF25247D670035AD15 /* AppAssembly.swift */ = {isa = PBXFileReference; fileEncoding = 4; lastKnownFileType = sourcecode.swift; path = AppAssembly.swift; sourceTree = "<group>"; };
		CE9BDCE325247D670035AD15 /* AppServerConfiguration.swift */ = {isa = PBXFileReference; fileEncoding = 4; lastKnownFileType = sourcecode.swift; path = AppServerConfiguration.swift; sourceTree = "<group>"; };
		CE9BDCE425247D670035AD15 /* ImplementAppServerConfiguration.swift */ = {isa = PBXFileReference; fileEncoding = 4; lastKnownFileType = sourcecode.swift; path = ImplementAppServerConfiguration.swift; sourceTree = "<group>"; };
		CE9BDCE625247D670035AD15 /* Log.swift */ = {isa = PBXFileReference; fileEncoding = 4; lastKnownFileType = sourcecode.swift; path = Log.swift; sourceTree = "<group>"; };
		CE9BDCE825247D670035AD15 /* StateAssembly.swift */ = {isa = PBXFileReference; fileEncoding = 4; lastKnownFileType = sourcecode.swift; path = StateAssembly.swift; sourceTree = "<group>"; };
		CE9BDCE925247D670035AD15 /* APIAssembly.swift */ = {isa = PBXFileReference; fileEncoding = 4; lastKnownFileType = sourcecode.swift; path = APIAssembly.swift; sourceTree = "<group>"; };
		CE9BDCEA25247D670035AD15 /* CoreAssembly.swift */ = {isa = PBXFileReference; fileEncoding = 4; lastKnownFileType = sourcecode.swift; path = CoreAssembly.swift; sourceTree = "<group>"; };
		CE9BDCEB25247D670035AD15 /* UseCaseAssembly.swift */ = {isa = PBXFileReference; fileEncoding = 4; lastKnownFileType = sourcecode.swift; path = UseCaseAssembly.swift; sourceTree = "<group>"; };
		CE9BDCEE25247D670035AD15 /* AppState.swift */ = {isa = PBXFileReference; fileEncoding = 4; lastKnownFileType = sourcecode.swift; path = AppState.swift; sourceTree = "<group>"; };
		CE9BDCEF25247D670035AD15 /* AppReducer.swift */ = {isa = PBXFileReference; fileEncoding = 4; lastKnownFileType = sourcecode.swift; path = AppReducer.swift; sourceTree = "<group>"; };
		CE9BDCF025247D670035AD15 /* AppAction.swift */ = {isa = PBXFileReference; fileEncoding = 4; lastKnownFileType = sourcecode.swift; path = AppAction.swift; sourceTree = "<group>"; };
		CE9BDD7E2524D8710035AD15 /* weather_forecast_pro.app */ = {isa = PBXFileReference; explicitFileType = wrapper.application; includeInIndex = 0; path = weather_forecast_pro.app; sourceTree = BUILT_PRODUCTS_DIR; };
		CEA119DC2525930700F9075B /* ErrorResponse.swift */ = {isa = PBXFileReference; lastKnownFileType = sourcecode.swift; path = ErrorResponse.swift; sourceTree = "<group>"; };
		CEA119EA2525987900F9075B /* SearchCell.swift */ = {isa = PBXFileReference; lastKnownFileType = sourcecode.swift; path = SearchCell.swift; sourceTree = "<group>"; };
		CEF578322524DB400030C3BD /* ImplementAPIProvider.swift */ = {isa = PBXFileReference; lastKnownFileType = sourcecode.swift; path = ImplementAPIProvider.swift; sourceTree = "<group>"; };
		CEF5783C2524E8FF0030C3BD /* ForecastAPI.swift */ = {isa = PBXFileReference; lastKnownFileType = sourcecode.swift; path = ForecastAPI.swift; sourceTree = "<group>"; };
		CEF5784B2524EA010030C3BD /* Forecast.swift */ = {isa = PBXFileReference; lastKnownFileType = sourcecode.swift; path = Forecast.swift; sourceTree = "<group>"; };
		CEF578582524EB860030C3BD /* City.swift */ = {isa = PBXFileReference; lastKnownFileType = sourcecode.swift; path = City.swift; sourceTree = "<group>"; };
		CEF578612524EBCC0030C3BD /* CityCoordinate.swift */ = {isa = PBXFileReference; lastKnownFileType = sourcecode.swift; path = CityCoordinate.swift; sourceTree = "<group>"; };
		D67CE7630D27DFDFFD9AF82C /* Pods-weather_forecast_dev.release.xcconfig */ = {isa = PBXFileReference; includeInIndex = 1; lastKnownFileType = text.xcconfig; name = "Pods-weather_forecast_dev.release.xcconfig"; path = "Target Support Files/Pods-weather_forecast_dev/Pods-weather_forecast_dev.release.xcconfig"; sourceTree = "<group>"; };
		E0CE0C51EA019BCCF7FEBFF4 /* Pods-weather_forecast_pro.release.xcconfig */ = {isa = PBXFileReference; includeInIndex = 1; lastKnownFileType = text.xcconfig; name = "Pods-weather_forecast_pro.release.xcconfig"; path = "Target Support Files/Pods-weather_forecast_pro/Pods-weather_forecast_pro.release.xcconfig"; sourceTree = "<group>"; };
		EC5C75931CD31466FF157A82 /* Pods-weather_forecast_pro.debug.xcconfig */ = {isa = PBXFileReference; includeInIndex = 1; lastKnownFileType = text.xcconfig; name = "Pods-weather_forecast_pro.debug.xcconfig"; path = "Target Support Files/Pods-weather_forecast_pro/Pods-weather_forecast_pro.debug.xcconfig"; sourceTree = "<group>"; };
		FFFD52CD564EBB0B1E1DFDCE /* Pods-weather_forecastTests.debug.xcconfig */ = {isa = PBXFileReference; includeInIndex = 1; lastKnownFileType = text.xcconfig; name = "Pods-weather_forecastTests.debug.xcconfig"; path = "Target Support Files/Pods-weather_forecastTests/Pods-weather_forecastTests.debug.xcconfig"; sourceTree = "<group>"; };
/* End PBXFileReference section */

/* Begin PBXFrameworksBuildPhase section */
		CE1649D12529B287005F72B3 /* Frameworks */ = {
			isa = PBXFrameworksBuildPhase;
			buildActionMask = 2147483647;
			files = (
				7138242095C8DC8A9DECE9C6 /* Pods_weather_forecast_devTests.framework in Frameworks */,
			);
			runOnlyForDeploymentPostprocessing = 0;
		};
		CE9BDC6625247B790035AD15 /* Frameworks */ = {
			isa = PBXFrameworksBuildPhase;
			buildActionMask = 2147483647;
			files = (
				15B19E2A6F0E31C9F365266B /* Pods_weather_forecast_dev.framework in Frameworks */,
			);
			runOnlyForDeploymentPostprocessing = 0;
		};
		CE9BDD742524D8710035AD15 /* Frameworks */ = {
			isa = PBXFrameworksBuildPhase;
			buildActionMask = 2147483647;
			files = (
				3F7BC40DA4F50C9CF37FC119 /* Pods_weather_forecast_pro.framework in Frameworks */,
			);
			runOnlyForDeploymentPostprocessing = 0;
		};
/* End PBXFrameworksBuildPhase section */

/* Begin PBXGroup section */
		0F53FBCEF9DB5F72E299B73A /* Frameworks */ = {
			isa = PBXGroup;
			children = (
				035E8E8D2EAC146ED7C6F6C3 /* Pods_weather_forecastTests.framework */,
				3CC4B2696E57D0ED01E3A22F /* Pods_weather_forecast_dev.framework */,
				6090760E5DD28ADB2BE5618D /* Pods_weather_forecast_dev_weather_forecastUITests.framework */,
				7336B5C44CCED6A1B48C2969 /* Pods_weather_forecast_pro.framework */,
				5DE0AEA981E7A49FA3026999 /* Pods_weather_forecast_devTests.framework */,
			);
			name = Frameworks;
			sourceTree = "<group>";
		};
		CE164870252881BB005F72B3 /* Settings */ = {
			isa = PBXGroup;
			children = (
				CE164871252881CD005F72B3 /* SettingsVC.swift */,
				CE16487E252881D6005F72B3 /* SettingsVM.swift */,
				CE1648C025289DBA005F72B3 /* Cache */,
				CE1648FA2528CF47005F72B3 /* ForecastUnit */,
				CE16488B252887DB005F72B3 /* Views */,
			);
			path = Settings;
			sourceTree = "<group>";
		};
		CE16488B252887DB005F72B3 /* Views */ = {
			isa = PBXGroup;
			children = (
				CE16488C252887F2005F72B3 /* SettingsCell.swift */,
			);
			path = Views;
			sourceTree = "<group>";
		};
		CE164899252890B3005F72B3 /* Settings */ = {
			isa = PBXGroup;
			children = (
				CE16489A252890C4005F72B3 /* Settings.swift */,
			);
			path = Settings;
			sourceTree = "<group>";
		};
		CE1648A725289114005F72B3 /* DataStore */ = {
			isa = PBXGroup;
			children = (
				CE1648A925289175005F72B3 /* LocalSettings */,
			);
			path = DataStore;
			sourceTree = "<group>";
		};
		CE1648A925289175005F72B3 /* LocalSettings */ = {
			isa = PBXGroup;
			children = (
				CE1648AA2528918A005F72B3 /* LocalSettingsDataStore.swift */,
				CE1648B725289196005F72B3 /* ImplementLocalSettingsDataStore.swift */,
			);
			path = LocalSettings;
			sourceTree = "<group>";
		};
		CE1648C025289DBA005F72B3 /* Cache */ = {
			isa = PBXGroup;
			children = (
				CE1648C125289DCD005F72B3 /* CacheVC.swift */,
				CE1648CE25289DD3005F72B3 /* CacheVM.swift */,
			);
			path = Cache;
			sourceTree = "<group>";
		};
		CE1648FA2528CF47005F72B3 /* ForecastUnit */ = {
			isa = PBXGroup;
			children = (
				CE1648FB2528CF5E005F72B3 /* ForecastUnitVC.swift */,
				CE1649082528CF6B005F72B3 /* ForecastUnitVM.swift */,
			);
			path = ForecastUnit;
			sourceTree = "<group>";
		};
		CE1649D52529B287005F72B3 /* weather_forecast_devTests */ = {
			isa = PBXGroup;
			children = (
				CE1649E12529B2A0005F72B3 /* Info.plist */,
				CE1649E22529B2A0005F72B3 /* weather_forecast_devTests.swift */,
			);
			path = weather_forecast_devTests;
			sourceTree = "<group>";
		};
		CE2A42882525DFC9002F7052 /* Cache */ = {
			isa = PBXGroup;
			children = (
				CE2A42892525DFD4002F7052 /* Cache.swift */,
			);
			path = Cache;
			sourceTree = "<group>";
		};
		CE9745562524EE4B00102BD7 /* Temperature */ = {
			isa = PBXGroup;
			children = (
				CE9745572524EE6900102BD7 /* Temperature.swift */,
			);
			path = Temperature;
			sourceTree = "<group>";
		};
		CE9745642524EFB500102BD7 /* FeelsLike */ = {
			isa = PBXGroup;
			children = (
				CE9745652524EFCF00102BD7 /* FeelsLike.swift */,
			);
			path = FeelsLike;
			sourceTree = "<group>";
		};
		CE9745722524F00800102BD7 /* Weather */ = {
			isa = PBXGroup;
			children = (
				CE9745732524F02700102BD7 /* Weather.swift */,
			);
			path = Weather;
			sourceTree = "<group>";
		};
		CE9745892525807F00102BD7 /* UseCases */ = {
			isa = PBXGroup;
			children = (
				CE9745982525812700102BD7 /* BaseUC.swift */,
				CE97458A2525808C00102BD7 /* Forecast */,
			);
			path = UseCases;
			sourceTree = "<group>";
		};
		CE97458A2525808C00102BD7 /* Forecast */ = {
			isa = PBXGroup;
			children = (
				CE97458B252580A400102BD7 /* GetForecastUC.swift */,
				CE1648ED2528C651005F72B3 /* GetForecastByCoordinateUC.swift */,
			);
			path = Forecast;
			sourceTree = "<group>";
		};
		CE9745A52525825000102BD7 /* Forecast */ = {
			isa = PBXGroup;
			children = (
				CE9745B32525827300102BD7 /* ForecastAction.swift */,
				CE9745BC2525827F00102BD7 /* ForecastReducer.swift */,
				CE9745A62525826600102BD7 /* ForecastState.swift */,
			);
			path = Forecast;
			sourceTree = "<group>";
		};
		CE9BDC6025247B790035AD15 = {
			isa = PBXGroup;
			children = (
				CE9BDC6B25247B790035AD15 /* weather_forecast */,
				CE1649D52529B287005F72B3 /* weather_forecast_devTests */,
				CE9BDC6A25247B790035AD15 /* Products */,
				EDB4054DD361924BFB306B0B /* Pods */,
				0F53FBCEF9DB5F72E299B73A /* Frameworks */,
			);
			sourceTree = "<group>";
		};
		CE9BDC6A25247B790035AD15 /* Products */ = {
			isa = PBXGroup;
			children = (
				CE9BDC6925247B790035AD15 /* weather_forecast_dev.app */,
				CE9BDD7E2524D8710035AD15 /* weather_forecast_pro.app */,
				CE1649D42529B287005F72B3 /* weather_forecast_devTests.xctest */,
			);
			name = Products;
			sourceTree = "<group>";
		};
		CE9BDC6B25247B790035AD15 /* weather_forecast */ = {
			isa = PBXGroup;
			children = (
				CE9BDCC725247D670035AD15 /* App */,
				CE9BDCE025247D670035AD15 /* Core */,
				CE9BDC6C25247B790035AD15 /* AppDelegate.swift */,
				CE9BDC7525247B7C0035AD15 /* Assets.xcassets */,
				CE9BDC7725247B7C0035AD15 /* LaunchScreen.storyboard */,
				CE9BDC7A25247B7C0035AD15 /* Info.plist */,
			);
			path = weather_forecast;
			sourceTree = "<group>";
		};
		CE9BDCC725247D670035AD15 /* App */ = {
			isa = PBXGroup;
			children = (
				CE9BDCC825247D670035AD15 /* Constants */,
				CE9BDCDE25247D670035AD15 /* DIs */,
				CE9BDCD025247D670035AD15 /* Extensions */,
				CE9BDCCB25247D670035AD15 /* Resources */,
				CE9BDCD425247D670035AD15 /* Screens */,
				CE9BDCCF25247D670035AD15 /* Utils */,
			);
			path = App;
			sourceTree = "<group>";
		};
		CE9BDCC825247D670035AD15 /* Constants */ = {
			isa = PBXGroup;
			children = (
				CE9BDCC925247D670035AD15 /* Constant.swift */,
				CE9BDCCA25247D670035AD15 /* DefinedAssets.swift */,
			);
			path = Constants;
			sourceTree = "<group>";
		};
		CE9BDCCB25247D670035AD15 /* Resources */ = {
			isa = PBXGroup;
			children = (
				CE9BDCCC25247D670035AD15 /* Localizations */,
			);
			path = Resources;
			sourceTree = "<group>";
		};
		CE9BDCCC25247D670035AD15 /* Localizations */ = {
			isa = PBXGroup;
			children = (
				CE9BDCCD25247D670035AD15 /* Localizable.strings */,
			);
			path = Localizations;
			sourceTree = "<group>";
		};
		CE9BDCCF25247D670035AD15 /* Utils */ = {
			isa = PBXGroup;
			children = (
			);
			path = Utils;
			sourceTree = "<group>";
		};
		CE9BDCD025247D670035AD15 /* Extensions */ = {
			isa = PBXGroup;
			children = (
				CE9BDCD125247D670035AD15 /* UIView+Ex.swift */,
				CE9BDCD225247D670035AD15 /* Store+Ext.swift */,
				CE9BDCD325247D670035AD15 /* SVProgressHUD+Ext.swift */,
			);
			path = Extensions;
			sourceTree = "<group>";
		};
		CE9BDCD425247D670035AD15 /* Screens */ = {
			isa = PBXGroup;
			children = (
				CE164870252881BB005F72B3 /* Settings */,
				CE9BDCD525247D670035AD15 /* Home */,
				CE9BDCD825247D670035AD15 /* Splash */,
				CE9BDCDB25247D670035AD15 /* Tabbar */,
			);
			path = Screens;
			sourceTree = "<group>";
		};
		CE9BDCD525247D670035AD15 /* Home */ = {
			isa = PBXGroup;
			children = (
				CE9BDCD725247D670035AD15 /* HomeVC.swift */,
				CE9BDCD625247D670035AD15 /* HomeVM.swift */,
				CEA119E92525985D00F9075B /* Views */,
			);
			path = Home;
			sourceTree = "<group>";
		};
		CE9BDCD825247D670035AD15 /* Splash */ = {
			isa = PBXGroup;
			children = (
				CE9BDCD925247D670035AD15 /* SplashVC.swift */,
				CE9BDCDA25247D670035AD15 /* SplashVM.swift */,
			);
			path = Splash;
			sourceTree = "<group>";
		};
		CE9BDCDB25247D670035AD15 /* Tabbar */ = {
			isa = PBXGroup;
			children = (
				CE9BDCDC25247D670035AD15 /* MainTabbarVM.swift */,
				CE9BDCDD25247D670035AD15 /* MainTabbarVC.swift */,
			);
			path = Tabbar;
			sourceTree = "<group>";
		};
		CE9BDCDE25247D670035AD15 /* DIs */ = {
			isa = PBXGroup;
			children = (
				CE9BDCDF25247D670035AD15 /* AppAssembly.swift */,
			);
			path = DIs;
			sourceTree = "<group>";
		};
		CE9BDCE025247D670035AD15 /* Core */ = {
			isa = PBXGroup;
			children = (
				CE1648A725289114005F72B3 /* DataStore */,
				CE9BDCE125247D670035AD15 /* APIs */,
				CE9BDCE725247D670035AD15 /* DIs */,
				CEF578492524E9D50030C3BD /* Model */,
				CE9BDCEC25247D670035AD15 /* Redux */,
				CE9745892525807F00102BD7 /* UseCases */,
				CE9BDCE525247D670035AD15 /* Utils */,
			);
			path = Core;
			sourceTree = "<group>";
		};
		CE9BDCE125247D670035AD15 /* APIs */ = {
			isa = PBXGroup;
			children = (
				CEF5783B2524E8DB0030C3BD /* Forecast */,
				CE9BDCE225247D670035AD15 /* Base */,
			);
			path = APIs;
			sourceTree = "<group>";
		};
		CE9BDCE225247D670035AD15 /* Base */ = {
			isa = PBXGroup;
			children = (
				CE9BDCE325247D670035AD15 /* AppServerConfiguration.swift */,
				CE9BDCE425247D670035AD15 /* ImplementAppServerConfiguration.swift */,
				CEF578322524DB400030C3BD /* ImplementAPIProvider.swift */,
			);
			path = Base;
			sourceTree = "<group>";
		};
		CE9BDCE525247D670035AD15 /* Utils */ = {
			isa = PBXGroup;
			children = (
				CE9BDCE625247D670035AD15 /* Log.swift */,
			);
			path = Utils;
			sourceTree = "<group>";
		};
		CE9BDCE725247D670035AD15 /* DIs */ = {
			isa = PBXGroup;
			children = (
				CE9BDCE825247D670035AD15 /* StateAssembly.swift */,
				CE9BDCE925247D670035AD15 /* APIAssembly.swift */,
				CE9BDCEA25247D670035AD15 /* CoreAssembly.swift */,
				CE9BDCEB25247D670035AD15 /* UseCaseAssembly.swift */,
			);
			path = DIs;
			sourceTree = "<group>";
		};
		CE9BDCEC25247D670035AD15 /* Redux */ = {
			isa = PBXGroup;
			children = (
				CE9BDCED25247D670035AD15 /* App */,
				CE9745A52525825000102BD7 /* Forecast */,
			);
			path = Redux;
			sourceTree = "<group>";
		};
		CE9BDCED25247D670035AD15 /* App */ = {
			isa = PBXGroup;
			children = (
				CE9BDCEE25247D670035AD15 /* AppState.swift */,
				CE9BDCEF25247D670035AD15 /* AppReducer.swift */,
				CE9BDCF025247D670035AD15 /* AppAction.swift */,
			);
			path = App;
			sourceTree = "<group>";
		};
		CEA119DB252592F900F9075B /* ErrorResponse */ = {
			isa = PBXGroup;
			children = (
				CEA119DC2525930700F9075B /* ErrorResponse.swift */,
			);
			path = ErrorResponse;
			sourceTree = "<group>";
		};
		CEA119E92525985D00F9075B /* Views */ = {
			isa = PBXGroup;
			children = (
				CEA119EA2525987900F9075B /* SearchCell.swift */,
			);
			path = Views;
			sourceTree = "<group>";
		};
		CEF5783B2524E8DB0030C3BD /* Forecast */ = {
			isa = PBXGroup;
			children = (
				CEF5783C2524E8FF0030C3BD /* ForecastAPI.swift */,
				CE97458025257C0F00102BD7 /* ImplementForecastAPI.swift */,
			);
			path = Forecast;
			sourceTree = "<group>";
		};
		CEF578492524E9D50030C3BD /* Model */ = {
			isa = PBXGroup;
			children = (
				CE164899252890B3005F72B3 /* Settings */,
				CE2A42882525DFC9002F7052 /* Cache */,
				CEA119DB252592F900F9075B /* ErrorResponse */,
				CEF5784A2524E9D90030C3BD /* Forecast */,
			);
			path = Model;
			sourceTree = "<group>";
		};
		CEF5784A2524E9D90030C3BD /* Forecast */ = {
			isa = PBXGroup;
			children = (
				CE9745722524F00800102BD7 /* Weather */,
				CE9745642524EFB500102BD7 /* FeelsLike */,
				CE9745562524EE4B00102BD7 /* Temperature */,
				CEF5786A2524EBD00030C3BD /* City */,
				CEF5784B2524EA010030C3BD /* Forecast.swift */,
				CE9745452524ED9C00102BD7 /* ForecastItem.swift */,
			);
			path = Forecast;
			sourceTree = "<group>";
		};
		CEF5786A2524EBD00030C3BD /* City */ = {
			isa = PBXGroup;
			children = (
				CEF578582524EB860030C3BD /* City.swift */,
				CEF578612524EBCC0030C3BD /* CityCoordinate.swift */,
			);
			path = City;
			sourceTree = "<group>";
		};
		EDB4054DD361924BFB306B0B /* Pods */ = {
			isa = PBXGroup;
			children = (
				1A82542B8EC6FB38DF998A3E /* Pods-weather_forecast.debug.xcconfig */,
				BDC2DFA0E5AB7DE4771FB5F6 /* Pods-weather_forecast.release.xcconfig */,
				AA39AEBB982B0FEC1539E38C /* Pods-weather_forecast-weather_forecastUITests.debug.xcconfig */,
				2B4F7BE83C49B73621117412 /* Pods-weather_forecast-weather_forecastUITests.release.xcconfig */,
				FFFD52CD564EBB0B1E1DFDCE /* Pods-weather_forecastTests.debug.xcconfig */,
				1C96531DEF405D7D60163D13 /* Pods-weather_forecastTests.release.xcconfig */,
				CC023540850C05832DF1E511 /* Pods-weather_forecast_dev.debug.xcconfig */,
				D67CE7630D27DFDFFD9AF82C /* Pods-weather_forecast_dev.release.xcconfig */,
				0E79663C9836EB05C6EC662C /* Pods-weather_forecast_dev-weather_forecastUITests.debug.xcconfig */,
				4B699DA1666A459DC11529A9 /* Pods-weather_forecast_dev-weather_forecastUITests.release.xcconfig */,
				EC5C75931CD31466FF157A82 /* Pods-weather_forecast_pro.debug.xcconfig */,
				E0CE0C51EA019BCCF7FEBFF4 /* Pods-weather_forecast_pro.release.xcconfig */,
				0D5370A1B04794014FE5215D /* Pods-weather_forecast_devTests.debug.xcconfig */,
				255924990C5210DAE485FF41 /* Pods-weather_forecast_devTests.release.xcconfig */,
			);
			path = Pods;
			sourceTree = "<group>";
		};
/* End PBXGroup section */

/* Begin PBXNativeTarget section */
		CE1649D32529B287005F72B3 /* weather_forecast_devTests */ = {
			isa = PBXNativeTarget;
			buildConfigurationList = CE1649DB2529B287005F72B3 /* Build configuration list for PBXNativeTarget "weather_forecast_devTests" */;
			buildPhases = (
				F0628095C44F3B205F95642A /* [CP] Check Pods Manifest.lock */,
				CE1649D02529B287005F72B3 /* Sources */,
				CE1649D12529B287005F72B3 /* Frameworks */,
				CE1649D22529B287005F72B3 /* Resources */,
				FC90265F04B44EE279F2F55C /* [CP] Embed Pods Frameworks */,
			);
			buildRules = (
			);
			dependencies = (
				CE1649DA2529B287005F72B3 /* PBXTargetDependency */,
			);
			name = weather_forecast_devTests;
			productName = weather_forecast_devTests;
			productReference = CE1649D42529B287005F72B3 /* weather_forecast_devTests.xctest */;
			productType = "com.apple.product-type.bundle.unit-test";
		};
		CE9BDC6825247B790035AD15 /* weather_forecast_dev */ = {
			isa = PBXNativeTarget;
			buildConfigurationList = CE9BDC9325247B7C0035AD15 /* Build configuration list for PBXNativeTarget "weather_forecast_dev" */;
			buildPhases = (
				737E2F5F801E94875688AC35 /* [CP] Check Pods Manifest.lock */,
				CE9BDC6525247B790035AD15 /* Sources */,
				CE9BDC6625247B790035AD15 /* Frameworks */,
				CE9BDC6725247B790035AD15 /* Resources */,
				B19E0E31C79F18EF5AD60692 /* [CP] Embed Pods Frameworks */,
			);
			buildRules = (
			);
			dependencies = (
			);
			name = weather_forecast_dev;
			productName = weather_forecast;
			productReference = CE9BDC6925247B790035AD15 /* weather_forecast_dev.app */;
			productType = "com.apple.product-type.application";
		};
		CE9BDD5A2524D8710035AD15 /* weather_forecast_pro */ = {
			isa = PBXNativeTarget;
			buildConfigurationList = CE9BDD7B2524D8710035AD15 /* Build configuration list for PBXNativeTarget "weather_forecast_pro" */;
			buildPhases = (
				CE9BDD5B2524D8710035AD15 /* [CP] Check Pods Manifest.lock */,
				CE9BDD5C2524D8710035AD15 /* Sources */,
				CE9BDD742524D8710035AD15 /* Frameworks */,
				CE9BDD762524D8710035AD15 /* Resources */,
				CE9BDD7A2524D8710035AD15 /* [CP] Embed Pods Frameworks */,
			);
			buildRules = (
			);
			dependencies = (
			);
			name = weather_forecast_pro;
			productName = weather_forecast;
			productReference = CE9BDD7E2524D8710035AD15 /* weather_forecast_pro.app */;
			productType = "com.apple.product-type.application";
		};
/* End PBXNativeTarget section */

/* Begin PBXProject section */
		CE9BDC6125247B790035AD15 /* Project object */ = {
			isa = PBXProject;
			attributes = {
				LastSwiftUpdateCheck = 1200;
				LastUpgradeCheck = 1200;
				TargetAttributes = {
					CE1649D32529B287005F72B3 = {
						CreatedOnToolsVersion = 12.0.1;
						TestTargetID = CE9BDC6825247B790035AD15;
					};
					CE9BDC6825247B790035AD15 = {
						CreatedOnToolsVersion = 12.0.1;
					};
				};
			};
			buildConfigurationList = CE9BDC6425247B790035AD15 /* Build configuration list for PBXProject "weather_forecast" */;
			compatibilityVersion = "Xcode 9.3";
			developmentRegion = en;
			hasScannedForEncodings = 0;
			knownRegions = (
				en,
				Base,
			);
			mainGroup = CE9BDC6025247B790035AD15;
			productRefGroup = CE9BDC6A25247B790035AD15 /* Products */;
			projectDirPath = "";
			projectRoot = "";
			targets = (
				CE9BDC6825247B790035AD15 /* weather_forecast_dev */,
				CE9BDD5A2524D8710035AD15 /* weather_forecast_pro */,
				CE1649D32529B287005F72B3 /* weather_forecast_devTests */,
			);
		};
/* End PBXProject section */

/* Begin PBXResourcesBuildPhase section */
		CE1649D22529B287005F72B3 /* Resources */ = {
			isa = PBXResourcesBuildPhase;
			buildActionMask = 2147483647;
			files = (
			);
			runOnlyForDeploymentPostprocessing = 0;
		};
		CE9BDC6725247B790035AD15 /* Resources */ = {
			isa = PBXResourcesBuildPhase;
			buildActionMask = 2147483647;
			files = (
				CE9BDC7925247B7C0035AD15 /* LaunchScreen.storyboard in Resources */,
				CE9BDCF725247D670035AD15 /* Localizable.strings in Resources */,
				CE9BDC7625247B7C0035AD15 /* Assets.xcassets in Resources */,
			);
			runOnlyForDeploymentPostprocessing = 0;
		};
		CE9BDD762524D8710035AD15 /* Resources */ = {
			isa = PBXResourcesBuildPhase;
			buildActionMask = 2147483647;
			files = (
				CE9BDD772524D8710035AD15 /* LaunchScreen.storyboard in Resources */,
				CE9BDD782524D8710035AD15 /* Localizable.strings in Resources */,
				CE9BDD792524D8710035AD15 /* Assets.xcassets in Resources */,
			);
			runOnlyForDeploymentPostprocessing = 0;
		};
/* End PBXResourcesBuildPhase section */

/* Begin PBXShellScriptBuildPhase section */
		737E2F5F801E94875688AC35 /* [CP] Check Pods Manifest.lock */ = {
			isa = PBXShellScriptBuildPhase;
			buildActionMask = 2147483647;
			files = (
			);
			inputFileListPaths = (
			);
			inputPaths = (
				"${PODS_PODFILE_DIR_PATH}/Podfile.lock",
				"${PODS_ROOT}/Manifest.lock",
			);
			name = "[CP] Check Pods Manifest.lock";
			outputFileListPaths = (
			);
			outputPaths = (
				"$(DERIVED_FILE_DIR)/Pods-weather_forecast_dev-checkManifestLockResult.txt",
			);
			runOnlyForDeploymentPostprocessing = 0;
			shellPath = /bin/sh;
			shellScript = "diff \"${PODS_PODFILE_DIR_PATH}/Podfile.lock\" \"${PODS_ROOT}/Manifest.lock\" > /dev/null\nif [ $? != 0 ] ; then\n    # print error to STDERR\n    echo \"error: The sandbox is not in sync with the Podfile.lock. Run 'pod install' or update your CocoaPods installation.\" >&2\n    exit 1\nfi\n# This output is used by Xcode 'outputs' to avoid re-running this script phase.\necho \"SUCCESS\" > \"${SCRIPT_OUTPUT_FILE_0}\"\n";
			showEnvVarsInLog = 0;
		};
		B19E0E31C79F18EF5AD60692 /* [CP] Embed Pods Frameworks */ = {
			isa = PBXShellScriptBuildPhase;
			buildActionMask = 2147483647;
			files = (
			);
			inputFileListPaths = (
				"${PODS_ROOT}/Target Support Files/Pods-weather_forecast_dev/Pods-weather_forecast_dev-frameworks-${CONFIGURATION}-input-files.xcfilelist",
			);
			name = "[CP] Embed Pods Frameworks";
			outputFileListPaths = (
				"${PODS_ROOT}/Target Support Files/Pods-weather_forecast_dev/Pods-weather_forecast_dev-frameworks-${CONFIGURATION}-output-files.xcfilelist",
			);
			runOnlyForDeploymentPostprocessing = 0;
			shellPath = /bin/sh;
			shellScript = "\"${PODS_ROOT}/Target Support Files/Pods-weather_forecast_dev/Pods-weather_forecast_dev-frameworks.sh\"\n";
			showEnvVarsInLog = 0;
		};
		CE9BDD5B2524D8710035AD15 /* [CP] Check Pods Manifest.lock */ = {
			isa = PBXShellScriptBuildPhase;
			buildActionMask = 2147483647;
			files = (
			);
			inputFileListPaths = (
			);
			inputPaths = (
				"${PODS_PODFILE_DIR_PATH}/Podfile.lock",
				"${PODS_ROOT}/Manifest.lock",
			);
			name = "[CP] Check Pods Manifest.lock";
			outputFileListPaths = (
			);
			outputPaths = (
				"$(DERIVED_FILE_DIR)/Pods-weather_forecast_pro-checkManifestLockResult.txt",
			);
			runOnlyForDeploymentPostprocessing = 0;
			shellPath = /bin/sh;
			shellScript = "diff \"${PODS_PODFILE_DIR_PATH}/Podfile.lock\" \"${PODS_ROOT}/Manifest.lock\" > /dev/null\nif [ $? != 0 ] ; then\n    # print error to STDERR\n    echo \"error: The sandbox is not in sync with the Podfile.lock. Run 'pod install' or update your CocoaPods installation.\" >&2\n    exit 1\nfi\n# This output is used by Xcode 'outputs' to avoid re-running this script phase.\necho \"SUCCESS\" > \"${SCRIPT_OUTPUT_FILE_0}\"\n";
			showEnvVarsInLog = 0;
		};
		CE9BDD7A2524D8710035AD15 /* [CP] Embed Pods Frameworks */ = {
			isa = PBXShellScriptBuildPhase;
			buildActionMask = 2147483647;
			files = (
			);
			inputFileListPaths = (
				"${PODS_ROOT}/Target Support Files/Pods-weather_forecast_pro/Pods-weather_forecast_pro-frameworks-${CONFIGURATION}-input-files.xcfilelist",
			);
			name = "[CP] Embed Pods Frameworks";
			outputFileListPaths = (
				"${PODS_ROOT}/Target Support Files/Pods-weather_forecast_pro/Pods-weather_forecast_pro-frameworks-${CONFIGURATION}-output-files.xcfilelist",
			);
			runOnlyForDeploymentPostprocessing = 0;
			shellPath = /bin/sh;
			shellScript = "\"${PODS_ROOT}/Target Support Files/Pods-weather_forecast_pro/Pods-weather_forecast_pro-frameworks.sh\"\n";
			showEnvVarsInLog = 0;
		};
		F0628095C44F3B205F95642A /* [CP] Check Pods Manifest.lock */ = {
			isa = PBXShellScriptBuildPhase;
			buildActionMask = 2147483647;
			files = (
			);
			inputFileListPaths = (
			);
			inputPaths = (
				"${PODS_PODFILE_DIR_PATH}/Podfile.lock",
				"${PODS_ROOT}/Manifest.lock",
			);
			name = "[CP] Check Pods Manifest.lock";
			outputFileListPaths = (
			);
			outputPaths = (
				"$(DERIVED_FILE_DIR)/Pods-weather_forecast_devTests-checkManifestLockResult.txt",
			);
			runOnlyForDeploymentPostprocessing = 0;
			shellPath = /bin/sh;
			shellScript = "diff \"${PODS_PODFILE_DIR_PATH}/Podfile.lock\" \"${PODS_ROOT}/Manifest.lock\" > /dev/null\nif [ $? != 0 ] ; then\n    # print error to STDERR\n    echo \"error: The sandbox is not in sync with the Podfile.lock. Run 'pod install' or update your CocoaPods installation.\" >&2\n    exit 1\nfi\n# This output is used by Xcode 'outputs' to avoid re-running this script phase.\necho \"SUCCESS\" > \"${SCRIPT_OUTPUT_FILE_0}\"\n";
			showEnvVarsInLog = 0;
		};
		FC90265F04B44EE279F2F55C /* [CP] Embed Pods Frameworks */ = {
			isa = PBXShellScriptBuildPhase;
			buildActionMask = 2147483647;
			files = (
			);
			inputFileListPaths = (
				"${PODS_ROOT}/Target Support Files/Pods-weather_forecast_devTests/Pods-weather_forecast_devTests-frameworks-${CONFIGURATION}-input-files.xcfilelist",
			);
			name = "[CP] Embed Pods Frameworks";
			outputFileListPaths = (
				"${PODS_ROOT}/Target Support Files/Pods-weather_forecast_devTests/Pods-weather_forecast_devTests-frameworks-${CONFIGURATION}-output-files.xcfilelist",
			);
			runOnlyForDeploymentPostprocessing = 0;
			shellPath = /bin/sh;
			shellScript = "\"${PODS_ROOT}/Target Support Files/Pods-weather_forecast_devTests/Pods-weather_forecast_devTests-frameworks.sh\"\n";
			showEnvVarsInLog = 0;
		};
/* End PBXShellScriptBuildPhase section */

/* Begin PBXSourcesBuildPhase section */
		CE1649D02529B287005F72B3 /* Sources */ = {
			isa = PBXSourcesBuildPhase;
			buildActionMask = 2147483647;
			files = (
				CE1649E42529B2A0005F72B3 /* weather_forecast_devTests.swift in Sources */,
			);
			runOnlyForDeploymentPostprocessing = 0;
		};
		CE9BDC6525247B790035AD15 /* Sources */ = {
			isa = PBXSourcesBuildPhase;
			buildActionMask = 2147483647;
			files = (
				CEF578622524EBCC0030C3BD /* CityCoordinate.swift in Sources */,
				CEA119EB2525987900F9075B /* SearchCell.swift in Sources */,
				CE9BDCF425247D670035AD15 /* DefinedAssets.swift in Sources */,
				CE1648CF25289DD3005F72B3 /* CacheVM.swift in Sources */,
				CEF5783D2524E8FF0030C3BD /* ForecastAPI.swift in Sources */,
				CEF578592524EB860030C3BD /* City.swift in Sources */,
				CE9BDD1B25247D680035AD15 /* ImplementAppServerConfiguration.swift in Sources */,
				CE9BDD2425247D680035AD15 /* APIAssembly.swift in Sources */,
				CE1648EE2528C651005F72B3 /* GetForecastByCoordinateUC.swift in Sources */,
				CE1649092528CF6B005F72B3 /* ForecastUnitVM.swift in Sources */,
				CE9BDD0C25247D670035AD15 /* SplashVM.swift in Sources */,
				CE9745BD2525827F00102BD7 /* ForecastReducer.swift in Sources */,
				CE1648B825289196005F72B3 /* ImplementLocalSettingsDataStore.swift in Sources */,
				CE9745662524EFCF00102BD7 /* FeelsLike.swift in Sources */,
				CE16488D252887F2005F72B3 /* SettingsCell.swift in Sources */,
				CE9BDD0625247D670035AD15 /* HomeVC.swift in Sources */,
				CE9745582524EE6900102BD7 /* Temperature.swift in Sources */,
				CE9745992525812700102BD7 /* BaseUC.swift in Sources */,
				CEA119DD2525930700F9075B /* ErrorResponse.swift in Sources */,
				CEF578332524DB400030C3BD /* ImplementAPIProvider.swift in Sources */,
				CE97458125257C0F00102BD7 /* ImplementForecastAPI.swift in Sources */,
				CE9BDD2A25247D680035AD15 /* UseCaseAssembly.swift in Sources */,
				CE9745B42525827300102BD7 /* ForecastAction.swift in Sources */,
				CE2A428A2525DFD4002F7052 /* Cache.swift in Sources */,
				CE1648FC2528CF5E005F72B3 /* ForecastUnitVC.swift in Sources */,
				CE9BDD3325247D680035AD15 /* AppAction.swift in Sources */,
				CE9BDD1525247D670035AD15 /* AppAssembly.swift in Sources */,
				CE1648AB2528918A005F72B3 /* LocalSettingsDataStore.swift in Sources */,
				CE9BDD1225247D670035AD15 /* MainTabbarVC.swift in Sources */,
				CE9BDD1E25247D680035AD15 /* Log.swift in Sources */,
				CE16489B252890C4005F72B3 /* Settings.swift in Sources */,
				CE9BDD2D25247D680035AD15 /* AppState.swift in Sources */,
				CE9BDD2725247D680035AD15 /* CoreAssembly.swift in Sources */,
				CE9BDD0025247D670035AD15 /* SVProgressHUD+Ext.swift in Sources */,
				CE9BDD3025247D680035AD15 /* AppReducer.swift in Sources */,
				CE9745A72525826600102BD7 /* ForecastState.swift in Sources */,
				CE9BDD0325247D670035AD15 /* HomeVM.swift in Sources */,
				CE9BDD2125247D680035AD15 /* StateAssembly.swift in Sources */,
				CE9BDC6D25247B790035AD15 /* AppDelegate.swift in Sources */,
				CE16487F252881D6005F72B3 /* SettingsVM.swift in Sources */,
				CE9BDCF125247D670035AD15 /* Constant.swift in Sources */,
				CE1648C225289DCD005F72B3 /* CacheVC.swift in Sources */,
				CE9745742524F02700102BD7 /* Weather.swift in Sources */,
				CEF5784C2524EA010030C3BD /* Forecast.swift in Sources */,
				CE9745462524ED9C00102BD7 /* ForecastItem.swift in Sources */,
				CE9BDCFD25247D670035AD15 /* Store+Ext.swift in Sources */,
				CE9BDCFA25247D670035AD15 /* UIView+Ex.swift in Sources */,
				CE9BDD1825247D680035AD15 /* AppServerConfiguration.swift in Sources */,
				CE9BDD0925247D670035AD15 /* SplashVC.swift in Sources */,
				CE9BDD0F25247D670035AD15 /* MainTabbarVM.swift in Sources */,
				CE97458C252580A400102BD7 /* GetForecastUC.swift in Sources */,
				CE164872252881CD005F72B3 /* SettingsVC.swift in Sources */,
			);
			runOnlyForDeploymentPostprocessing = 0;
		};
		CE9BDD5C2524D8710035AD15 /* Sources */ = {
			isa = PBXSourcesBuildPhase;
			buildActionMask = 2147483647;
			files = (
				CEF578632524EBCC0030C3BD /* CityCoordinate.swift in Sources */,
				CEA119EC2525987900F9075B /* SearchCell.swift in Sources */,
				CE9BDD5D2524D8710035AD15 /* DefinedAssets.swift in Sources */,
				CE1648D025289DD3005F72B3 /* CacheVM.swift in Sources */,
				CEF5783E2524E8FF0030C3BD /* ForecastAPI.swift in Sources */,
				CEF5785A2524EB860030C3BD /* City.swift in Sources */,
				CE9BDD5E2524D8710035AD15 /* ImplementAppServerConfiguration.swift in Sources */,
				CE9BDD5F2524D8710035AD15 /* APIAssembly.swift in Sources */,
				CE1648EF2528C651005F72B3 /* GetForecastByCoordinateUC.swift in Sources */,
				CE16490A2528CF6B005F72B3 /* ForecastUnitVM.swift in Sources */,
				CE9BDD602524D8710035AD15 /* SplashVM.swift in Sources */,
				CE9745BE2525827F00102BD7 /* ForecastReducer.swift in Sources */,
				CE1648B925289196005F72B3 /* ImplementLocalSettingsDataStore.swift in Sources */,
				CE9745672524EFCF00102BD7 /* FeelsLike.swift in Sources */,
				CE16488E252887F2005F72B3 /* SettingsCell.swift in Sources */,
				CE9BDD612524D8710035AD15 /* HomeVC.swift in Sources */,
				CE9745592524EE6900102BD7 /* Temperature.swift in Sources */,
				CE97459A2525812700102BD7 /* BaseUC.swift in Sources */,
				CEA119DE2525930700F9075B /* ErrorResponse.swift in Sources */,
				CEF578342524DB400030C3BD /* ImplementAPIProvider.swift in Sources */,
				CE97458225257C0F00102BD7 /* ImplementForecastAPI.swift in Sources */,
				CE9BDD622524D8710035AD15 /* UseCaseAssembly.swift in Sources */,
				CE9745B52525827300102BD7 /* ForecastAction.swift in Sources */,
				CE2A428B2525DFD4002F7052 /* Cache.swift in Sources */,
				CE1648FD2528CF5E005F72B3 /* ForecastUnitVC.swift in Sources */,
				CE9BDD632524D8710035AD15 /* AppAction.swift in Sources */,
				CE9BDD642524D8710035AD15 /* AppAssembly.swift in Sources */,
				CE1648AC2528918A005F72B3 /* LocalSettingsDataStore.swift in Sources */,
				CE9BDD652524D8710035AD15 /* MainTabbarVC.swift in Sources */,
				CE9BDD662524D8710035AD15 /* Log.swift in Sources */,
				CE16489C252890C4005F72B3 /* Settings.swift in Sources */,
				CE9BDD672524D8710035AD15 /* AppState.swift in Sources */,
				CE9BDD682524D8710035AD15 /* CoreAssembly.swift in Sources */,
				CE9BDD692524D8710035AD15 /* SVProgressHUD+Ext.swift in Sources */,
				CE9BDD6A2524D8710035AD15 /* AppReducer.swift in Sources */,
				CE9745A82525826600102BD7 /* ForecastState.swift in Sources */,
				CE9BDD6B2524D8710035AD15 /* HomeVM.swift in Sources */,
				CE9BDD6C2524D8710035AD15 /* StateAssembly.swift in Sources */,
				CE9BDD6D2524D8710035AD15 /* AppDelegate.swift in Sources */,
				CE164880252881D6005F72B3 /* SettingsVM.swift in Sources */,
				CE9BDD6E2524D8710035AD15 /* Constant.swift in Sources */,
				CE1648C325289DCD005F72B3 /* CacheVC.swift in Sources */,
				CE9745752524F02700102BD7 /* Weather.swift in Sources */,
				CEF5784D2524EA010030C3BD /* Forecast.swift in Sources */,
				CE9745472524ED9C00102BD7 /* ForecastItem.swift in Sources */,
				CE9BDD6F2524D8710035AD15 /* Store+Ext.swift in Sources */,
				CE9BDD702524D8710035AD15 /* UIView+Ex.swift in Sources */,
				CE9BDD712524D8710035AD15 /* AppServerConfiguration.swift in Sources */,
				CE9BDD722524D8710035AD15 /* SplashVC.swift in Sources */,
				CE9BDD732524D8710035AD15 /* MainTabbarVM.swift in Sources */,
				CE97458D252580A400102BD7 /* GetForecastUC.swift in Sources */,
				CE164873252881CD005F72B3 /* SettingsVC.swift in Sources */,
			);
			runOnlyForDeploymentPostprocessing = 0;
		};
/* End PBXSourcesBuildPhase section */

/* Begin PBXTargetDependency section */
		CE1649DA2529B287005F72B3 /* PBXTargetDependency */ = {
			isa = PBXTargetDependency;
			target = CE9BDC6825247B790035AD15 /* weather_forecast_dev */;
			targetProxy = CE1649D92529B287005F72B3 /* PBXContainerItemProxy */;
		};
/* End PBXTargetDependency section */

/* Begin PBXVariantGroup section */
		CE9BDC7725247B7C0035AD15 /* LaunchScreen.storyboard */ = {
			isa = PBXVariantGroup;
			children = (
				CE9BDC7825247B7C0035AD15 /* Base */,
			);
			name = LaunchScreen.storyboard;
			sourceTree = "<group>";
		};
		CE9BDCCD25247D670035AD15 /* Localizable.strings */ = {
			isa = PBXVariantGroup;
			children = (
				CE9BDCCE25247D670035AD15 /* en */,
			);
			name = Localizable.strings;
			sourceTree = "<group>";
		};
/* End PBXVariantGroup section */

/* Begin XCBuildConfiguration section */
		CE1649DC2529B287005F72B3 /* Debug */ = {
			isa = XCBuildConfiguration;
			baseConfigurationReference = 0D5370A1B04794014FE5215D /* Pods-weather_forecast_devTests.debug.xcconfig */;
			buildSettings = {
				BUNDLE_LOADER = "$(TEST_HOST)";
				CODE_SIGN_STYLE = Automatic;
				DEVELOPMENT_TEAM = 5934F7X3NB;
				INFOPLIST_FILE = weather_forecast_devTests/Info.plist;
				LD_RUNPATH_SEARCH_PATHS = (
					"$(inherited)",
					"@executable_path/Frameworks",
					"@loader_path/Frameworks",
				);
				PRODUCT_BUNDLE_IDENTIFIER = "thinhnguyen.weather-forecast-devTests";
				PRODUCT_NAME = "$(TARGET_NAME)";
				SWIFT_VERSION = 5.0;
				TARGETED_DEVICE_FAMILY = "1,2";
				TEST_HOST = "$(BUILT_PRODUCTS_DIR)/weather_forecast_dev.app/weather_forecast_dev";
			};
			name = Debug;
		};
		CE1649DD2529B287005F72B3 /* Release */ = {
			isa = XCBuildConfiguration;
			baseConfigurationReference = 255924990C5210DAE485FF41 /* Pods-weather_forecast_devTests.release.xcconfig */;
			buildSettings = {
				BUNDLE_LOADER = "$(TEST_HOST)";
				CODE_SIGN_STYLE = Automatic;
				DEVELOPMENT_TEAM = 5934F7X3NB;
				INFOPLIST_FILE = weather_forecast_devTests/Info.plist;
				LD_RUNPATH_SEARCH_PATHS = (
					"$(inherited)",
					"@executable_path/Frameworks",
					"@loader_path/Frameworks",
				);
				PRODUCT_BUNDLE_IDENTIFIER = "thinhnguyen.weather-forecast-devTests";
				PRODUCT_NAME = "$(TARGET_NAME)";
				SWIFT_VERSION = 5.0;
				TARGETED_DEVICE_FAMILY = "1,2";
				TEST_HOST = "$(BUILT_PRODUCTS_DIR)/weather_forecast_dev.app/weather_forecast_dev";
			};
			name = Release;
		};
		CE9BDC9125247B7C0035AD15 /* Debug */ = {
			isa = XCBuildConfiguration;
			buildSettings = {
				ALWAYS_SEARCH_USER_PATHS = NO;
				BUILD_LIBRARY_FOR_DISTRIBUTION = NO;
				CLANG_ANALYZER_NONNULL = YES;
				CLANG_ANALYZER_NUMBER_OBJECT_CONVERSION = YES_AGGRESSIVE;
				CLANG_CXX_LANGUAGE_STANDARD = "gnu++14";
				CLANG_CXX_LIBRARY = "libc++";
				CLANG_ENABLE_MODULES = YES;
				CLANG_ENABLE_OBJC_ARC = YES;
				CLANG_ENABLE_OBJC_WEAK = YES;
				CLANG_WARN_BLOCK_CAPTURE_AUTORELEASING = YES;
				CLANG_WARN_BOOL_CONVERSION = YES;
				CLANG_WARN_COMMA = YES;
				CLANG_WARN_CONSTANT_CONVERSION = YES;
				CLANG_WARN_DEPRECATED_OBJC_IMPLEMENTATIONS = YES;
				CLANG_WARN_DIRECT_OBJC_ISA_USAGE = YES_ERROR;
				CLANG_WARN_DOCUMENTATION_COMMENTS = YES;
				CLANG_WARN_EMPTY_BODY = YES;
				CLANG_WARN_ENUM_CONVERSION = YES;
				CLANG_WARN_INFINITE_RECURSION = YES;
				CLANG_WARN_INT_CONVERSION = YES;
				CLANG_WARN_NON_LITERAL_NULL_CONVERSION = YES;
				CLANG_WARN_OBJC_IMPLICIT_RETAIN_SELF = YES;
				CLANG_WARN_OBJC_LITERAL_CONVERSION = YES;
				CLANG_WARN_OBJC_ROOT_CLASS = YES_ERROR;
				CLANG_WARN_QUOTED_INCLUDE_IN_FRAMEWORK_HEADER = YES;
				CLANG_WARN_RANGE_LOOP_ANALYSIS = YES;
				CLANG_WARN_STRICT_PROTOTYPES = YES;
				CLANG_WARN_SUSPICIOUS_MOVE = YES;
				CLANG_WARN_UNGUARDED_AVAILABILITY = YES_AGGRESSIVE;
				CLANG_WARN_UNREACHABLE_CODE = YES;
				CLANG_WARN__DUPLICATE_METHOD_MATCH = YES;
				COPY_PHASE_STRIP = NO;
				DEBUG_INFORMATION_FORMAT = dwarf;
				ENABLE_STRICT_OBJC_MSGSEND = YES;
				ENABLE_TESTABILITY = YES;
				GCC_C_LANGUAGE_STANDARD = gnu11;
				GCC_DYNAMIC_NO_PIC = NO;
				GCC_NO_COMMON_BLOCKS = YES;
				GCC_OPTIMIZATION_LEVEL = 0;
				GCC_PREPROCESSOR_DEFINITIONS = (
					"DEBUG=1",
					"$(inherited)",
				);
				GCC_WARN_64_TO_32_BIT_CONVERSION = YES;
				GCC_WARN_ABOUT_RETURN_TYPE = YES_ERROR;
				GCC_WARN_UNDECLARED_SELECTOR = YES;
				GCC_WARN_UNINITIALIZED_AUTOS = YES_AGGRESSIVE;
				GCC_WARN_UNUSED_FUNCTION = YES;
				GCC_WARN_UNUSED_VARIABLE = YES;
				IPHONEOS_DEPLOYMENT_TARGET = 14.0;
				MTL_ENABLE_DEBUG_INFO = INCLUDE_SOURCE;
				MTL_FAST_MATH = YES;
				ONLY_ACTIVE_ARCH = YES;
				SDKROOT = iphoneos;
				SWIFT_ACTIVE_COMPILATION_CONDITIONS = DEBUG;
				SWIFT_OPTIMIZATION_LEVEL = "-Onone";
				SWIFT_VERSION = 4.2;
			};
			name = Debug;
		};
		CE9BDC9225247B7C0035AD15 /* Release */ = {
			isa = XCBuildConfiguration;
			buildSettings = {
				ALWAYS_SEARCH_USER_PATHS = NO;
				BUILD_LIBRARY_FOR_DISTRIBUTION = NO;
				CLANG_ANALYZER_NONNULL = YES;
				CLANG_ANALYZER_NUMBER_OBJECT_CONVERSION = YES_AGGRESSIVE;
				CLANG_CXX_LANGUAGE_STANDARD = "gnu++14";
				CLANG_CXX_LIBRARY = "libc++";
				CLANG_ENABLE_MODULES = YES;
				CLANG_ENABLE_OBJC_ARC = YES;
				CLANG_ENABLE_OBJC_WEAK = YES;
				CLANG_WARN_BLOCK_CAPTURE_AUTORELEASING = YES;
				CLANG_WARN_BOOL_CONVERSION = YES;
				CLANG_WARN_COMMA = YES;
				CLANG_WARN_CONSTANT_CONVERSION = YES;
				CLANG_WARN_DEPRECATED_OBJC_IMPLEMENTATIONS = YES;
				CLANG_WARN_DIRECT_OBJC_ISA_USAGE = YES_ERROR;
				CLANG_WARN_DOCUMENTATION_COMMENTS = YES;
				CLANG_WARN_EMPTY_BODY = YES;
				CLANG_WARN_ENUM_CONVERSION = YES;
				CLANG_WARN_INFINITE_RECURSION = YES;
				CLANG_WARN_INT_CONVERSION = YES;
				CLANG_WARN_NON_LITERAL_NULL_CONVERSION = YES;
				CLANG_WARN_OBJC_IMPLICIT_RETAIN_SELF = YES;
				CLANG_WARN_OBJC_LITERAL_CONVERSION = YES;
				CLANG_WARN_OBJC_ROOT_CLASS = YES_ERROR;
				CLANG_WARN_QUOTED_INCLUDE_IN_FRAMEWORK_HEADER = YES;
				CLANG_WARN_RANGE_LOOP_ANALYSIS = YES;
				CLANG_WARN_STRICT_PROTOTYPES = YES;
				CLANG_WARN_SUSPICIOUS_MOVE = YES;
				CLANG_WARN_UNGUARDED_AVAILABILITY = YES_AGGRESSIVE;
				CLANG_WARN_UNREACHABLE_CODE = YES;
				CLANG_WARN__DUPLICATE_METHOD_MATCH = YES;
				COPY_PHASE_STRIP = NO;
				DEBUG_INFORMATION_FORMAT = "dwarf-with-dsym";
				ENABLE_NS_ASSERTIONS = NO;
				ENABLE_STRICT_OBJC_MSGSEND = YES;
				GCC_C_LANGUAGE_STANDARD = gnu11;
				GCC_NO_COMMON_BLOCKS = YES;
				GCC_WARN_64_TO_32_BIT_CONVERSION = YES;
				GCC_WARN_ABOUT_RETURN_TYPE = YES_ERROR;
				GCC_WARN_UNDECLARED_SELECTOR = YES;
				GCC_WARN_UNINITIALIZED_AUTOS = YES_AGGRESSIVE;
				GCC_WARN_UNUSED_FUNCTION = YES;
				GCC_WARN_UNUSED_VARIABLE = YES;
				IPHONEOS_DEPLOYMENT_TARGET = 14.0;
				MTL_ENABLE_DEBUG_INFO = NO;
				MTL_FAST_MATH = YES;
				SDKROOT = iphoneos;
				SWIFT_COMPILATION_MODE = wholemodule;
				SWIFT_OPTIMIZATION_LEVEL = "-O";
				SWIFT_VERSION = 4.2;
				VALIDATE_PRODUCT = YES;
			};
			name = Release;
		};
		CE9BDC9425247B7C0035AD15 /* Debug */ = {
			isa = XCBuildConfiguration;
			baseConfigurationReference = CC023540850C05832DF1E511 /* Pods-weather_forecast_dev.debug.xcconfig */;
			buildSettings = {
				ASSETCATALOG_COMPILER_APPICON_NAME = AppIcon;
				ASSETCATALOG_COMPILER_GLOBAL_ACCENT_COLOR_NAME = AccentColor;
				CODE_SIGN_STYLE = Automatic;
				DEVELOPMENT_TEAM = 5934F7X3NB;
				ENV = DEVELOPMENT;
				INFOPLIST_FILE = weather_forecast/Info.plist;
				IPHONEOS_DEPLOYMENT_TARGET = 13.0;
				LD_RUNPATH_SEARCH_PATHS = (
					"$(inherited)",
					"@executable_path/Frameworks",
				);
				PRODUCT_BUNDLE_IDENTIFIER = "thinhnguyen.weather-forecast-dev";
				PRODUCT_NAME = "$(TARGET_NAME)";
				SWIFT_VERSION = 4.2;
				TARGETED_DEVICE_FAMILY = 1;
			};
			name = Debug;
		};
		CE9BDC9525247B7C0035AD15 /* Release */ = {
			isa = XCBuildConfiguration;
			baseConfigurationReference = D67CE7630D27DFDFFD9AF82C /* Pods-weather_forecast_dev.release.xcconfig */;
			buildSettings = {
				ASSETCATALOG_COMPILER_APPICON_NAME = AppIcon;
				ASSETCATALOG_COMPILER_GLOBAL_ACCENT_COLOR_NAME = AccentColor;
				CODE_SIGN_STYLE = Automatic;
				DEVELOPMENT_TEAM = 5934F7X3NB;
				ENV = DEVELOPMENT;
				INFOPLIST_FILE = weather_forecast/Info.plist;
				IPHONEOS_DEPLOYMENT_TARGET = 13.0;
				LD_RUNPATH_SEARCH_PATHS = (
					"$(inherited)",
					"@executable_path/Frameworks",
				);
				PRODUCT_BUNDLE_IDENTIFIER = "thinhnguyen.weather-forecast-dev";
				PRODUCT_NAME = "$(TARGET_NAME)";
				SWIFT_VERSION = 4.2;
				TARGETED_DEVICE_FAMILY = 1;
			};
			name = Release;
		};
		CE9BDD7C2524D8710035AD15 /* Debug */ = {
			isa = XCBuildConfiguration;
			baseConfigurationReference = EC5C75931CD31466FF157A82 /* Pods-weather_forecast_pro.debug.xcconfig */;
			buildSettings = {
				ASSETCATALOG_COMPILER_APPICON_NAME = AppIcon;
				ASSETCATALOG_COMPILER_GLOBAL_ACCENT_COLOR_NAME = AccentColor;
				CODE_SIGN_STYLE = Automatic;
				DEVELOPMENT_TEAM = 5934F7X3NB;
				ENV = PRODUCTION;
				INFOPLIST_FILE = weather_forecast/Info.plist;
				IPHONEOS_DEPLOYMENT_TARGET = 13.0;
				LD_RUNPATH_SEARCH_PATHS = (
					"$(inherited)",
					"@executable_path/Frameworks",
				);
				PRODUCT_BUNDLE_IDENTIFIER = "thinhnguyen.weather-forecast";
				PRODUCT_NAME = "$(TARGET_NAME)";
				SWIFT_VERSION = 4.2;
				TARGETED_DEVICE_FAMILY = 1;
			};
			name = Debug;
		};
		CE9BDD7D2524D8710035AD15 /* Release */ = {
			isa = XCBuildConfiguration;
			baseConfigurationReference = E0CE0C51EA019BCCF7FEBFF4 /* Pods-weather_forecast_pro.release.xcconfig */;
			buildSettings = {
				ASSETCATALOG_COMPILER_APPICON_NAME = AppIcon;
				ASSETCATALOG_COMPILER_GLOBAL_ACCENT_COLOR_NAME = AccentColor;
				CODE_SIGN_STYLE = Automatic;
				DEVELOPMENT_TEAM = 5934F7X3NB;
				ENV = PRODUCTION;
				INFOPLIST_FILE = weather_forecast/Info.plist;
				IPHONEOS_DEPLOYMENT_TARGET = 13.0;
				LD_RUNPATH_SEARCH_PATHS = (
					"$(inherited)",
					"@executable_path/Frameworks",
				);
				PRODUCT_BUNDLE_IDENTIFIER = "thinhnguyen.weather-forecast";
				PRODUCT_NAME = "$(TARGET_NAME)";
				SWIFT_VERSION = 4.2;
				TARGETED_DEVICE_FAMILY = 1;
			};
			name = Release;
		};
/* End XCBuildConfiguration section */

/* Begin XCConfigurationList section */
		CE1649DB2529B287005F72B3 /* Build configuration list for PBXNativeTarget "weather_forecast_devTests" */ = {
			isa = XCConfigurationList;
			buildConfigurations = (
				CE1649DC2529B287005F72B3 /* Debug */,
				CE1649DD2529B287005F72B3 /* Release */,
			);
			defaultConfigurationIsVisible = 0;
			defaultConfigurationName = Release;
		};
		CE9BDC6425247B790035AD15 /* Build configuration list for PBXProject "weather_forecast" */ = {
			isa = XCConfigurationList;
			buildConfigurations = (
				CE9BDC9125247B7C0035AD15 /* Debug */,
				CE9BDC9225247B7C0035AD15 /* Release */,
			);
			defaultConfigurationIsVisible = 0;
			defaultConfigurationName = Release;
		};
		CE9BDC9325247B7C0035AD15 /* Build configuration list for PBXNativeTarget "weather_forecast_dev" */ = {
			isa = XCConfigurationList;
			buildConfigurations = (
				CE9BDC9425247B7C0035AD15 /* Debug */,
				CE9BDC9525247B7C0035AD15 /* Release */,
			);
			defaultConfigurationIsVisible = 0;
			defaultConfigurationName = Release;
		};
		CE9BDD7B2524D8710035AD15 /* Build configuration list for PBXNativeTarget "weather_forecast_pro" */ = {
			isa = XCConfigurationList;
			buildConfigurations = (
				CE9BDD7C2524D8710035AD15 /* Debug */,
				CE9BDD7D2524D8710035AD15 /* Release */,
			);
			defaultConfigurationIsVisible = 0;
			defaultConfigurationName = Release;
		};
/* End XCConfigurationList section */
	};
	rootObject = CE9BDC6125247B790035AD15 /* Project object */;
}
